// !$*UTF8*$!
{
	archiveVersion = 1;
	classes = {
	};
	objectVersion = 46;
	objects = {

/* Begin PBXAggregateTarget section */
		48FB2061E6B1901023770F5D /* Qt Preprocess */ = {
			isa = PBXAggregateTarget;
			buildConfigurationList = 6CC3B5D2136C7CD6A5CF5A59 /* Build configuration list for PBXNativeTarget "chiaki" */;
			buildPhases = (
				5E618435888B9D49F8540165 /* Qt Qmake */,
				7EF0942E79C014DCEC8976BC /* Qt Preprocessors */,
			);
			dependencies = (
			);
			name = "Qt Preprocess";
			productName = "Qt Preprocess";
		};
/* End PBXAggregateTarget section */

/* Begin PBXBuildFile section */
		0CE02722F00CAD43741297B5 /* CoreGraphics.framework in Link Binary With Libraries */ = {isa = PBXBuildFile; fileRef = 6AE3EC31EE5BB1FCEE84137C /* CoreGraphics.framework */; };
		23D6A472DE33DA1BFBA31088 /* qjpeg in Link Binary With Libraries */ = {isa = PBXBuildFile; fileRef = 23635312C6D724A0245AD0CB /* qjpeg */; };
		250AE8B5516EBA8A225E2F05 /* qtlibpng in Link Binary With Libraries */ = {isa = PBXBuildFile; fileRef = 04DCC54C7034190418F8FF12 /* qtlibpng */; };
		270090F818B237CEDCFBE7B3 /* qtiff in Link Binary With Libraries */ = {isa = PBXBuildFile; fileRef = 9AFB385DA4F9453FAD5AA2F2 /* qtiff */; };
		2B02D9DC58A01E45248DDBCE /* CoreText.framework in Link Binary With Libraries */ = {isa = PBXBuildFile; fileRef = 7D7B02101166B76FD2D4F8B4 /* CoreText.framework */; };
		34FC27B9D2322D16E8E3C47D /* qwebp in Link Binary With Libraries */ = {isa = PBXBuildFile; fileRef = 454D1E617B59B658F77582FF /* qwebp */; };
		35FD3D0014622250C5A38D6F /* qgif in Link Binary With Libraries */ = {isa = PBXBuildFile; fileRef = 1696BCD1AFC5C81B0D07B6F0 /* qgif */; };
		40985A8274FC0872C9EFC89D /* qmacheif in Link Binary With Libraries */ = {isa = PBXBuildFile; fileRef = 888C0DB6CCF8D32D02B29CBD /* qmacheif */; };
		45075F812F485E6BD3B05639 /* Qt5Widgets in Link Binary With Libraries */ = {isa = PBXBuildFile; fileRef = D790C02937983348F047BACE /* Qt5Widgets */; };
		45128CC42A88248D00D6F2BA /* libgf_complete.a in Link Binary With Libraries */ = {isa = PBXBuildFile; fileRef = 45128CBC2A88248D00D6F2BA /* libgf_complete.a */; };
		45128CC52A88248D00D6F2BA /* libopus.a in Link Binary With Libraries */ = {isa = PBXBuildFile; fileRef = 45128CBD2A88248D00D6F2BA /* libopus.a */; };
		45128CC62A88248E00D6F2BA /* libSDL2.a in Link Binary With Libraries */ = {isa = PBXBuildFile; fileRef = 45128CBE2A88248D00D6F2BA /* libSDL2.a */; };
		45128CC72A88248E00D6F2BA /* libssl.a in Link Binary With Libraries */ = {isa = PBXBuildFile; fileRef = 45128CBF2A88248D00D6F2BA /* libssl.a */; };
		45128CC82A88248E00D6F2BA /* libprotobuf-nanopb.a in Link Binary With Libraries */ = {isa = PBXBuildFile; fileRef = 45128CC02A88248D00D6F2BA /* libprotobuf-nanopb.a */; };
		45128CC92A88248E00D6F2BA /* libchiaki.a in Link Binary With Libraries */ = {isa = PBXBuildFile; fileRef = 45128CC12A88248D00D6F2BA /* libchiaki.a */; };
		45128CCA2A88248E00D6F2BA /* libcrypto.a in Link Binary With Libraries */ = {isa = PBXBuildFile; fileRef = 45128CC22A88248D00D6F2BA /* libcrypto.a */; };
		45128CCB2A88248E00D6F2BA /* libjerasure.a in Link Binary With Libraries */ = {isa = PBXBuildFile; fileRef = 45128CC32A88248D00D6F2BA /* libjerasure.a */; };
		45128CCD2A88276A00D6F2BA /* AVFAudio.framework in Link Binary With Libraries */ = {isa = PBXBuildFile; fileRef = 45128CCC2A88276A00D6F2BA /* AVFAudio.framework */; };
		45128CCF2A88277000D6F2BA /* GameController.framework in Link Binary With Libraries */ = {isa = PBXBuildFile; fileRef = 45128CCE2A88277000D6F2BA /* GameController.framework */; };
		45128CD12A88277500D6F2BA /* CoreVideo.framework in Link Binary With Libraries */ = {isa = PBXBuildFile; fileRef = 45128CD02A88277500D6F2BA /* CoreVideo.framework */; };
		45128CD32A88277900D6F2BA /* VideoToolbox.framework in Link Binary With Libraries */ = {isa = PBXBuildFile; fileRef = 45128CD22A88277900D6F2BA /* VideoToolbox.framework */; };
		45128CD52A88278E00D6F2BA /* CoreMedia.framework in Link Binary With Libraries */ = {isa = PBXBuildFile; fileRef = 45128CD42A88278E00D6F2BA /* CoreMedia.framework */; };
		45128CD72A88279300D6F2BA /* CoreMotion.framework in Link Binary With Libraries */ = {isa = PBXBuildFile; fileRef = 45128CD62A88279300D6F2BA /* CoreMotion.framework */; };
		45128CD92A8827A000D6F2BA /* CoreHaptics.framework in Link Binary With Libraries */ = {isa = PBXBuildFile; fileRef = 45128CD82A8827A000D6F2BA /* CoreHaptics.framework */; };
		45128CDB2A8827B200D6F2BA /* QuartzCore.framework in Link Binary With Libraries */ = {isa = PBXBuildFile; fileRef = 45128CDA2A8827B200D6F2BA /* QuartzCore.framework */; };
		45128CDD2A8827B700D6F2BA /* AudioToolbox.framework in Link Binary With Libraries */ = {isa = PBXBuildFile; fileRef = 45128CDC2A8827B700D6F2BA /* AudioToolbox.framework */; };
		45128CDF2A88285200D6F2BA /* libQt5Svg.a in Link Binary With Libraries */ = {isa = PBXBuildFile; fileRef = 45128CDE2A88285200D6F2BA /* libQt5Svg.a */; };
		45128CE12A88285900D6F2BA /* libQt5Multimedia.a in Link Binary With Libraries */ = {isa = PBXBuildFile; fileRef = 45128CE02A88285900D6F2BA /* libQt5Multimedia.a */; };
		45128CE92A88289600D6F2BA /* libavformat.a in Link Binary With Libraries */ = {isa = PBXBuildFile; fileRef = 45128CE22A88289600D6F2BA /* libavformat.a */; };
		45128CEA2A88289700D6F2BA /* libavdevice.a in Link Binary With Libraries */ = {isa = PBXBuildFile; fileRef = 45128CE32A88289600D6F2BA /* libavdevice.a */; };
		45128CEB2A88289700D6F2BA /* libswscale.a in Link Binary With Libraries */ = {isa = PBXBuildFile; fileRef = 45128CE42A88289600D6F2BA /* libswscale.a */; };
		45128CEC2A88289800D6F2BA /* libswresample.a in Link Binary With Libraries */ = {isa = PBXBuildFile; fileRef = 45128CE52A88289600D6F2BA /* libswresample.a */; };
		45128CED2A88289800D6F2BA /* libavcodec.a in Link Binary With Libraries */ = {isa = PBXBuildFile; fileRef = 45128CE62A88289600D6F2BA /* libavcodec.a */; };
		45128CEE2A88289900D6F2BA /* libavfilter.a in Link Binary With Libraries */ = {isa = PBXBuildFile; fileRef = 45128CE72A88289600D6F2BA /* libavfilter.a */; };
		45128CEF2A88289900D6F2BA /* libavutil.a in Link Binary With Libraries */ = {isa = PBXBuildFile; fileRef = 45128CE82A88289600D6F2BA /* libavutil.a */; };
		45128CF12A8828B600D6F2BA /* libiconv.tbd in Link Binary With Libraries */ = {isa = PBXBuildFile; fileRef = 45128CF02A8828B600D6F2BA /* libiconv.tbd */; };
		45128CF32A88295600D6F2BA /* moc_mainwindow.cpp in Compile Sources */ = {isa = PBXBuildFile; fileRef = 45128CF22A88295600D6F2BA /* moc_mainwindow.cpp */; };
		45128D052A882B3E00D6F2BA /* Media.xcassets in Copy Bundle Resources */ = {isa = PBXBuildFile; fileRef = 45128D042A882B3E00D6F2BA /* Media.xcassets */; };
		45128D072A88309400D6F2BA /* Settings.bundle in Copy Bundle Resources */ = {isa = PBXBuildFile; fileRef = 45128D062A88309400D6F2BA /* Settings.bundle */; };
		45128D092A8830A300D6F2BA /* LaunchScreen.storyboard in Copy Bundle Resources */ = {isa = PBXBuildFile; fileRef = 45128D082A8830A300D6F2BA /* LaunchScreen.storyboard */; };
		45F0F0672A8831DE005F82DA /* mainwindow.cpp in Compile Sources */ = {isa = PBXBuildFile; fileRef = 45F0F02C2A8831DD005F82DA /* mainwindow.cpp */; };
		45F0F06A2A8831DE005F82DA /* streamsession.cpp in Compile Sources */ = {isa = PBXBuildFile; fileRef = 45F0F02F2A8831DD005F82DA /* streamsession.cpp */; };
		45F0F06B2A8831DE005F82DA /* dynamicgridwidget.cpp in Compile Sources */ = {isa = PBXBuildFile; fileRef = 45F0F0312A8831DD005F82DA /* dynamicgridwidget.cpp */; };
		45F0F0702A8831DE005F82DA /* registdialog.cpp in Compile Sources */ = {isa = PBXBuildFile; fileRef = 45F0F0372A8831DD005F82DA /* registdialog.cpp */; };
		45F0F0712A8831DE005F82DA /* settingskeycapturedialog.cpp in Compile Sources */ = {isa = PBXBuildFile; fileRef = 45F0F0392A8831DD005F82DA /* settingskeycapturedialog.cpp */; };
		45F0F0742A8831DE005F82DA /* avopenglwidget.cpp in Compile Sources */ = {isa = PBXBuildFile; fileRef = 45F0F03E2A8831DD005F82DA /* avopenglwidget.cpp */; };
		45F0F0762A8831DE005F82DA /* host.cpp in Compile Sources */ = {isa = PBXBuildFile; fileRef = 45F0F0422A8831DD005F82DA /* host.cpp */; };
		45F0F0772A8831DE005F82DA /* main.cpp in Compile Sources */ = {isa = PBXBuildFile; fileRef = 45F0F0432A8831DD005F82DA /* main.cpp */; };
		45F0F0782A8831DE005F82DA /* streamwindow.cpp in Compile Sources */ = {isa = PBXBuildFile; fileRef = 45F0F0462A8831DD005F82DA /* streamwindow.cpp */; };
		45F0F0792A8831DE005F82DA /* settings.cpp in Compile Sources */ = {isa = PBXBuildFile; fileRef = 45F0F0482A8831DD005F82DA /* settings.cpp */; };
		45F0F07A2A8831DE005F82DA /* loginpindialog.cpp in Compile Sources */ = {isa = PBXBuildFile; fileRef = 45F0F0492A8831DD005F82DA /* loginpindialog.cpp */; };
		45F0F07B2A8831DE005F82DA /* manualhostdialog.cpp in Compile Sources */ = {isa = PBXBuildFile; fileRef = 45F0F04A2A8831DD005F82DA /* manualhostdialog.cpp */; };
		45F0F07C2A8831DE005F82DA /* sessionlog.cpp in Compile Sources */ = {isa = PBXBuildFile; fileRef = 45F0F04B2A8831DD005F82DA /* sessionlog.cpp */; };
		45F0F07D2A8831DE005F82DA /* discoverymanager.cpp in Compile Sources */ = {isa = PBXBuildFile; fileRef = 45F0F04C2A8831DD005F82DA /* discoverymanager.cpp */; };
		45F0F07E2A8831DE005F82DA /* chiaki_plugin_import.cpp in Compile Sources */ = {isa = PBXBuildFile; fileRef = 45F0F0502A8831DE005F82DA /* chiaki_plugin_import.cpp */; };
		45F0F07F2A8831DE005F82DA /* avopenglframeuploader.cpp in Compile Sources */ = {isa = PBXBuildFile; fileRef = 45F0F0512A8831DE005F82DA /* avopenglframeuploader.cpp */; };
		45F0F0802A8831DE005F82DA /* settingsdialog.cpp in Compile Sources */ = {isa = PBXBuildFile; fileRef = 45F0F0552A8831DE005F82DA /* settingsdialog.cpp */; };
		45F0F0832A8831DE005F82DA /* serveritemwidget.cpp in Compile Sources */ = {isa = PBXBuildFile; fileRef = 45F0F05B2A8831DE005F82DA /* serveritemwidget.cpp */; };
		45F0F0882A8831DE005F82DA /* controllermanager.cpp in Compile Sources */ = {isa = PBXBuildFile; fileRef = 45F0F0632A8831DE005F82DA /* controllermanager.cpp */; };
		45F0F0892A8831DE005F82DA /* servericonwidget.cpp in Compile Sources */ = {isa = PBXBuildFile; fileRef = 45F0F0642A8831DE005F82DA /* servericonwidget.cpp */; };
		45F0F09C2A883297005F82DA /* moc_streamsession.cpp in Compile Sources */ = {isa = PBXBuildFile; fileRef = 45F0F08B2A883296005F82DA /* moc_streamsession.cpp */; };
		45F0F09D2A883297005F82DA /* moc_dynamicgridwidget.cpp in Compile Sources */ = {isa = PBXBuildFile; fileRef = 45F0F08C2A883296005F82DA /* moc_dynamicgridwidget.cpp */; };
		45F0F09F2A883297005F82DA /* moc_discoverymanager.cpp in Compile Sources */ = {isa = PBXBuildFile; fileRef = 45F0F08E2A883296005F82DA /* moc_discoverymanager.cpp */; };
		45F0F0A02A883297005F82DA /* moc_manualhostdialog.cpp in Compile Sources */ = {isa = PBXBuildFile; fileRef = 45F0F08F2A883296005F82DA /* moc_manualhostdialog.cpp */; };
		45F0F0A12A883297005F82DA /* moc_mainwindow.cpp in Compile Sources */ = {isa = PBXBuildFile; fileRef = 45F0F0902A883296005F82DA /* moc_mainwindow.cpp */; };
		45F0F0A22A883297005F82DA /* moc_streamwindow.cpp in Compile Sources */ = {isa = PBXBuildFile; fileRef = 45F0F0912A883296005F82DA /* moc_streamwindow.cpp */; };
		45F0F0A32A883297005F82DA /* moc_settingsdialog.cpp in Compile Sources */ = {isa = PBXBuildFile; fileRef = 45F0F0922A883296005F82DA /* moc_settingsdialog.cpp */; };
		45F0F0A42A883297005F82DA /* moc_avopenglwidget.cpp in Compile Sources */ = {isa = PBXBuildFile; fileRef = 45F0F0932A883296005F82DA /* moc_avopenglwidget.cpp */; };
		45F0F0A52A883297005F82DA /* moc_serveritemwidget.cpp in Compile Sources */ = {isa = PBXBuildFile; fileRef = 45F0F0942A883296005F82DA /* moc_serveritemwidget.cpp */; };
		45F0F0A62A883297005F82DA /* moc_controllermanager.cpp in Compile Sources */ = {isa = PBXBuildFile; fileRef = 45F0F0952A883296005F82DA /* moc_controllermanager.cpp */; };
		45F0F0A72A883297005F82DA /* moc_servericonwidget.cpp in Compile Sources */ = {isa = PBXBuildFile; fileRef = 45F0F0962A883296005F82DA /* moc_servericonwidget.cpp */; };
		45F0F0A82A883297005F82DA /* moc_loginpindialog.cpp in Compile Sources */ = {isa = PBXBuildFile; fileRef = 45F0F0972A883296005F82DA /* moc_loginpindialog.cpp */; };
		45F0F0A92A883297005F82DA /* moc_avopenglframeuploader.cpp in Compile Sources */ = {isa = PBXBuildFile; fileRef = 45F0F0982A883297005F82DA /* moc_avopenglframeuploader.cpp */; };
		45F0F0AA2A883297005F82DA /* moc_settings.cpp in Compile Sources */ = {isa = PBXBuildFile; fileRef = 45F0F0992A883297005F82DA /* moc_settings.cpp */; };
		45F0F0AB2A883297005F82DA /* moc_settingskeycapturedialog.cpp in Compile Sources */ = {isa = PBXBuildFile; fileRef = 45F0F09A2A883297005F82DA /* moc_settingskeycapturedialog.cpp */; };
		45F0F0AC2A883297005F82DA /* moc_registdialog.cpp in Compile Sources */ = {isa = PBXBuildFile; fileRef = 45F0F09B2A883297005F82DA /* moc_registdialog.cpp */; };
		45F0F0B42A883413005F82DA /* chiaki.svg in Copy Bundle Resources */ = {isa = PBXBuildFile; fileRef = 45F0F0AD2A883413005F82DA /* chiaki.svg */; };
		45F0F0B52A883413005F82DA /* console-ps4.svg in Copy Bundle Resources */ = {isa = PBXBuildFile; fileRef = 45F0F0AE2A883413005F82DA /* console-ps4.svg */; };
		45F0F0B62A883413005F82DA /* discover-off-24px.svg in Copy Bundle Resources */ = {isa = PBXBuildFile; fileRef = 45F0F0AF2A883413005F82DA /* discover-off-24px.svg */; };
		45F0F0B72A883413005F82DA /* add-24px.svg in Copy Bundle Resources */ = {isa = PBXBuildFile; fileRef = 45F0F0B02A883413005F82DA /* add-24px.svg */; };
		45F0F0B82A883413005F82DA /* Default-568h@2x.png in Copy Bundle Resources */ = {isa = PBXBuildFile; fileRef = 45F0F0B12A883413005F82DA /* Default-568h@2x.png */; };
		45F0F0B92A883413005F82DA /* console-ps5.svg in Copy Bundle Resources */ = {isa = PBXBuildFile; fileRef = 45F0F0B22A883413005F82DA /* console-ps5.svg */; };
		45F0F0BA2A883413005F82DA /* discover-24px.svg in Copy Bundle Resources */ = {isa = PBXBuildFile; fileRef = 45F0F0B32A883413005F82DA /* discover-24px.svg */; };
		45F0F0BC2A883434005F82DA /* settings-20px.svg in Copy Bundle Resources */ = {isa = PBXBuildFile; fileRef = 45F0F0BB2A883434005F82DA /* settings-20px.svg */; };
		4EB68D0C8182BCE33529C421 /* AudioToolbox.framework in Link Binary With Libraries */ = {isa = PBXBuildFile; fileRef = 3C44131FDCFEF4396B9EA2BA /* AudioToolbox.framework */; };
		604878DF028F5D1DBBA85449 /* qwbmp in Link Binary With Libraries */ = {isa = PBXBuildFile; fileRef = BD107EC573F1437222B4A5CA /* qwbmp */; };
		61EEC397DC8556BF8C4E36A7 /* ImageIO.framework in Link Binary With Libraries */ = {isa = PBXBuildFile; fileRef = 3A8EF9C62A8D4790CBB89CEA /* ImageIO.framework */; };
		6AE66B00AC52EF3D4F5EFEFF /* Qt5ClipboardSupport in Link Binary With Libraries */ = {isa = PBXBuildFile; fileRef = 752FF3794770B634CA2C9635 /* Qt5ClipboardSupport */; };
		6EC2D764C807879B2AD2D45B /* qtharfbuzz in Link Binary With Libraries */ = {isa = PBXBuildFile; fileRef = 10192DE9114BF84B09435291 /* qtharfbuzz */; };
		712CF96E03ABD638FAA52DB2 /* qios in Link Binary With Libraries */ = {isa = PBXBuildFile; fileRef = 6CAB2F00E09FC9A72EDC0628 /* qios */; };
		71EAF5D5D3C0395852545F7E /* Qt5FontDatabaseSupport in Link Binary With Libraries */ = {isa = PBXBuildFile; fileRef = B0A00C1B0B528771DF1EC33F /* Qt5FontDatabaseSupport */; };
		98D62A848B393276A5A837C1 /* qicns in Link Binary With Libraries */ = {isa = PBXBuildFile; fileRef = AB7EA0C9479C5EF1D6B26C5A /* qicns */; };
		B3FE8FAC746D3D5BB24FA398 /* Metal.framework in Link Binary With Libraries */ = {isa = PBXBuildFile; fileRef = 1B2543FCC48E9436F21C4F63 /* Metal.framework */; };
		B460F624007324313696BE86 /* QuartzCore.framework in Link Binary With Libraries */ = {isa = PBXBuildFile; fileRef = 7EC00404ACD5AB0E97726B0E /* QuartzCore.framework */; };
		C5FAF61B543F70A10AA3B79D /* qtga in Link Binary With Libraries */ = {isa = PBXBuildFile; fileRef = 83C9505DDDFA16B999BEA3F8 /* qtga */; };
		CF6AA39DF6BE2F6FF122981E /* Qt5Gui in Link Binary With Libraries */ = {isa = PBXBuildFile; fileRef = 9DAD141C56A96DCE56957211 /* Qt5Gui */; };
		DC7A30D2B5C1AEA511CDAAB6 /* qtpcre2 in Link Binary With Libraries */ = {isa = PBXBuildFile; fileRef = 985CFCB8485692DF79579FD4 /* qtpcre2 */; };
		DF69E43AD94AE36CDD4496B5 /* Qt5Core in Link Binary With Libraries */ = {isa = PBXBuildFile; fileRef = 5A0658F970BE95BDF5A87CE5 /* Qt5Core */; };
		E7FCEE92F2F100263FF0FD84 /* Qt5GraphicsSupport in Link Binary With Libraries */ = {isa = PBXBuildFile; fileRef = 1BD1AE87F437CEAF36EE050A /* Qt5GraphicsSupport */; };
		E897630D38637D7C6ECA066B /* qico in Link Binary With Libraries */ = {isa = PBXBuildFile; fileRef = B6D84FE24EC921D49F5D656A /* qico */; };
		F26454630C80841CBDCFE1CA /* Foundation.framework in Link Binary With Libraries */ = {isa = PBXBuildFile; fileRef = FCC237CA5AD60B9BA4447615 /* Foundation.framework */; };
		F716BBE99DA127A8FE7A63B2 /* qmacjp2 in Link Binary With Libraries */ = {isa = PBXBuildFile; fileRef = 6F07EC9CFC16DF73B79DF610 /* qmacjp2 */; };
		F8B465CE34D8DF87AAE95913 /* CoreFoundation.framework in Link Binary With Libraries */ = {isa = PBXBuildFile; fileRef = 4D765E1B1EA6C757220C63E7 /* CoreFoundation.framework */; };
		FD7874C421519E900BC27FC5 /* qtfreetype in Link Binary With Libraries */ = {isa = PBXBuildFile; fileRef = 7603780903FD7E46E12B16EC /* qtfreetype */; };
/* End PBXBuildFile section */

/* Begin PBXContainerItemProxy section */
		45128CBB2A88224200D6F2BA /* PBXContainerItemProxy */ = {
			isa = PBXContainerItemProxy;
			containerPortal = 6DB9C3763D02B1415CD9D565 /* Project object */;
			proxyType = 1;
			remoteGlobalIDString = 48FB2061E6B1901023770F5D;
			remoteInfo = "Qt Preprocess";
		};
/* End PBXContainerItemProxy section */

/* Begin PBXCopyFilesBuildPhase section */
		99542592E9780B9225F24AA8 /* Embed Frameworks */ = {
			isa = PBXCopyFilesBuildPhase;
			buildActionMask = 2147483647;
			dstPath = "";
			dstSubfolderSpec = 10;
			files = (
			);
			name = "Embed Frameworks";
			runOnlyForDeploymentPostprocessing = 0;
		};
/* End PBXCopyFilesBuildPhase section */

/* Begin PBXFileReference section */
		04DCC54C7034190418F8FF12 /* qtlibpng */ = {isa = PBXFileReference; lastKnownFileType = archive.ar; name = qtlibpng; path = "/Users/teun/Qt/5.15.2/ios/lib/libqtlibpng$(QT_LIBRARY_SUFFIX).a"; sourceTree = "<absolute>"; };
		0BE9C48FF97ADD9EEE0E776D /* .qmake.stash */ = {isa = PBXFileReference; lastKnownFileType = text; name = .qmake.stash; path = "/Users/teun/build-untitled1-Qt_5_15_2_for_iOS-Debug/.qmake.stash"; sourceTree = "<absolute>"; };
		10192DE9114BF84B09435291 /* qtharfbuzz */ = {isa = PBXFileReference; lastKnownFileType = archive.ar; name = qtharfbuzz; path = "/Users/teun/Qt/5.15.2/ios/lib/libqtharfbuzz$(QT_LIBRARY_SUFFIX).a"; sourceTree = "<absolute>"; };
		1696BCD1AFC5C81B0D07B6F0 /* qgif */ = {isa = PBXFileReference; lastKnownFileType = archive.ar; name = qgif; path = "/Users/teun/Qt/5.15.2/ios/plugins/imageformats/libqgif$(QT_LIBRARY_SUFFIX).a"; sourceTree = "<absolute>"; };
		1B2543FCC48E9436F21C4F63 /* Metal.framework */ = {isa = PBXFileReference; lastKnownFileType = wrapper.framework; name = Metal.framework; path = /System/Library/Frameworks/Metal.framework; sourceTree = "<absolute>"; };
		1BD1AE87F437CEAF36EE050A /* Qt5GraphicsSupport */ = {isa = PBXFileReference; lastKnownFileType = archive.ar; name = Qt5GraphicsSupport; path = "/Users/teun/Qt/5.15.2/ios/lib/libQt5GraphicsSupport$(QT_LIBRARY_SUFFIX).a"; sourceTree = "<absolute>"; };
		23635312C6D724A0245AD0CB /* qjpeg */ = {isa = PBXFileReference; lastKnownFileType = archive.ar; name = qjpeg; path = "/Users/teun/Qt/5.15.2/ios/plugins/imageformats/libqjpeg$(QT_LIBRARY_SUFFIX).a"; sourceTree = "<absolute>"; };
		3A8EF9C62A8D4790CBB89CEA /* ImageIO.framework */ = {isa = PBXFileReference; lastKnownFileType = wrapper.framework; name = ImageIO.framework; path = /System/Library/Frameworks/ImageIO.framework; sourceTree = "<absolute>"; };
		3C44131FDCFEF4396B9EA2BA /* AudioToolbox.framework */ = {isa = PBXFileReference; lastKnownFileType = wrapper.framework; name = AudioToolbox.framework; path = /System/Library/Frameworks/AudioToolbox.framework; sourceTree = "<absolute>"; };
		45128CBC2A88248D00D6F2BA /* libgf_complete.a */ = {isa = PBXFileReference; lastKnownFileType = archive.ar; name = libgf_complete.a; path = lib/libgf_complete.a; sourceTree = "<group>"; };
		45128CBD2A88248D00D6F2BA /* libopus.a */ = {isa = PBXFileReference; lastKnownFileType = archive.ar; name = libopus.a; path = lib/libopus.a; sourceTree = "<group>"; };
		45128CBE2A88248D00D6F2BA /* libSDL2.a */ = {isa = PBXFileReference; lastKnownFileType = archive.ar; name = libSDL2.a; path = lib/libSDL2.a; sourceTree = "<group>"; };
		45128CBF2A88248D00D6F2BA /* libssl.a */ = {isa = PBXFileReference; lastKnownFileType = archive.ar; name = libssl.a; path = lib/libssl.a; sourceTree = "<group>"; };
		45128CC02A88248D00D6F2BA /* libprotobuf-nanopb.a */ = {isa = PBXFileReference; lastKnownFileType = archive.ar; name = "libprotobuf-nanopb.a"; path = "lib/libprotobuf-nanopb.a"; sourceTree = "<group>"; };
		45128CC12A88248D00D6F2BA /* libchiaki.a */ = {isa = PBXFileReference; lastKnownFileType = archive.ar; name = libchiaki.a; path = lib/libchiaki.a; sourceTree = "<group>"; };
		45128CC22A88248D00D6F2BA /* libcrypto.a */ = {isa = PBXFileReference; lastKnownFileType = archive.ar; name = libcrypto.a; path = lib/libcrypto.a; sourceTree = "<group>"; };
		45128CC32A88248D00D6F2BA /* libjerasure.a */ = {isa = PBXFileReference; lastKnownFileType = archive.ar; name = libjerasure.a; path = lib/libjerasure.a; sourceTree = "<group>"; };
		45128CCC2A88276A00D6F2BA /* AVFAudio.framework */ = {isa = PBXFileReference; lastKnownFileType = wrapper.framework; name = AVFAudio.framework; path = System/Library/Frameworks/AVFAudio.framework; sourceTree = SDKROOT; };
		45128CCE2A88277000D6F2BA /* GameController.framework */ = {isa = PBXFileReference; lastKnownFileType = wrapper.framework; name = GameController.framework; path = System/Library/Frameworks/GameController.framework; sourceTree = SDKROOT; };
		45128CD02A88277500D6F2BA /* CoreVideo.framework */ = {isa = PBXFileReference; lastKnownFileType = wrapper.framework; name = CoreVideo.framework; path = System/Library/Frameworks/CoreVideo.framework; sourceTree = SDKROOT; };
		45128CD22A88277900D6F2BA /* VideoToolbox.framework */ = {isa = PBXFileReference; lastKnownFileType = wrapper.framework; name = VideoToolbox.framework; path = System/Library/Frameworks/VideoToolbox.framework; sourceTree = SDKROOT; };
		45128CD42A88278E00D6F2BA /* CoreMedia.framework */ = {isa = PBXFileReference; lastKnownFileType = wrapper.framework; name = CoreMedia.framework; path = System/Library/Frameworks/CoreMedia.framework; sourceTree = SDKROOT; };
		45128CD62A88279300D6F2BA /* CoreMotion.framework */ = {isa = PBXFileReference; lastKnownFileType = wrapper.framework; name = CoreMotion.framework; path = System/Library/Frameworks/CoreMotion.framework; sourceTree = SDKROOT; };
		45128CD82A8827A000D6F2BA /* CoreHaptics.framework */ = {isa = PBXFileReference; lastKnownFileType = wrapper.framework; name = CoreHaptics.framework; path = System/Library/Frameworks/CoreHaptics.framework; sourceTree = SDKROOT; };
		45128CDA2A8827B200D6F2BA /* QuartzCore.framework */ = {isa = PBXFileReference; lastKnownFileType = wrapper.framework; name = QuartzCore.framework; path = System/Library/Frameworks/QuartzCore.framework; sourceTree = SDKROOT; };
		45128CDC2A8827B700D6F2BA /* AudioToolbox.framework */ = {isa = PBXFileReference; lastKnownFileType = wrapper.framework; name = AudioToolbox.framework; path = System/Library/Frameworks/AudioToolbox.framework; sourceTree = SDKROOT; };
		45128CDE2A88285200D6F2BA /* libQt5Svg.a */ = {isa = PBXFileReference; lastKnownFileType = archive.ar; name = libQt5Svg.a; path = ../Qt/5.15.2/ios/lib/libQt5Svg.a; sourceTree = "<group>"; };
		45128CE02A88285900D6F2BA /* libQt5Multimedia.a */ = {isa = PBXFileReference; lastKnownFileType = archive.ar; name = libQt5Multimedia.a; path = ../Qt/5.15.2/ios/lib/libQt5Multimedia.a; sourceTree = "<group>"; };
		45128CE22A88289600D6F2BA /* libavformat.a */ = {isa = PBXFileReference; lastKnownFileType = archive.ar; name = libavformat.a; path = lib/libavformat.a; sourceTree = "<group>"; };
		45128CE32A88289600D6F2BA /* libavdevice.a */ = {isa = PBXFileReference; lastKnownFileType = archive.ar; name = libavdevice.a; path = lib/libavdevice.a; sourceTree = "<group>"; };
		45128CE42A88289600D6F2BA /* libswscale.a */ = {isa = PBXFileReference; lastKnownFileType = archive.ar; name = libswscale.a; path = lib/libswscale.a; sourceTree = "<group>"; };
		45128CE52A88289600D6F2BA /* libswresample.a */ = {isa = PBXFileReference; lastKnownFileType = archive.ar; name = libswresample.a; path = lib/libswresample.a; sourceTree = "<group>"; };
		45128CE62A88289600D6F2BA /* libavcodec.a */ = {isa = PBXFileReference; lastKnownFileType = archive.ar; name = libavcodec.a; path = lib/libavcodec.a; sourceTree = "<group>"; };
		45128CE72A88289600D6F2BA /* libavfilter.a */ = {isa = PBXFileReference; lastKnownFileType = archive.ar; name = libavfilter.a; path = lib/libavfilter.a; sourceTree = "<group>"; };
		45128CE82A88289600D6F2BA /* libavutil.a */ = {isa = PBXFileReference; lastKnownFileType = archive.ar; name = libavutil.a; path = lib/libavutil.a; sourceTree = "<group>"; };
		45128CF02A8828B600D6F2BA /* libiconv.tbd */ = {isa = PBXFileReference; lastKnownFileType = "sourcecode.text-based-dylib-definition"; name = libiconv.tbd; path = usr/lib/libiconv.tbd; sourceTree = SDKROOT; };
		45128CF22A88295600D6F2BA /* moc_mainwindow.cpp */ = {isa = PBXFileReference; lastKnownFileType = sourcecode.cpp.cpp; path = moc_mainwindow.cpp; sourceTree = "<group>"; };
		45128D042A882B3E00D6F2BA /* Media.xcassets */ = {isa = PBXFileReference; lastKnownFileType = folder.assetcatalog; path = Media.xcassets; sourceTree = "<group>"; };
		45128D062A88309400D6F2BA /* Settings.bundle */ = {isa = PBXFileReference; lastKnownFileType = "wrapper.plug-in"; path = Settings.bundle; sourceTree = "<group>"; };
		45128D082A8830A300D6F2BA /* LaunchScreen.storyboard */ = {isa = PBXFileReference; fileEncoding = 4; lastKnownFileType = file.storyboard; name = LaunchScreen.storyboard; path = "Chiaki iOS.xcodeproj/LaunchScreen.storyboard"; sourceTree = "<group>"; };
		45128D0A2A8830A800D6F2BA /* Default-568h@2x.png */ = {isa = PBXFileReference; lastKnownFileType = image.png; name = "Default-568h@2x.png"; path = "Chiaki iOS.xcodeproj/Default-568h@2x.png"; sourceTree = "<group>"; };
		454D1E617B59B658F77582FF /* qwebp */ = {isa = PBXFileReference; lastKnownFileType = archive.ar; name = qwebp; path = "/Users/teun/Qt/5.15.2/ios/plugins/imageformats/libqwebp$(QT_LIBRARY_SUFFIX).a"; sourceTree = "<absolute>"; };
		45F0F02C2A8831DD005F82DA /* mainwindow.cpp */ = {isa = PBXFileReference; fileEncoding = 4; lastKnownFileType = sourcecode.cpp.cpp; path = mainwindow.cpp; sourceTree = "<group>"; };
		45F0F02F2A8831DD005F82DA /* streamsession.cpp */ = {isa = PBXFileReference; fileEncoding = 4; lastKnownFileType = sourcecode.cpp.cpp; path = streamsession.cpp; sourceTree = "<group>"; };
		45F0F0302A8831DD005F82DA /* dynamicgridwidget.h */ = {isa = PBXFileReference; fileEncoding = 4; lastKnownFileType = sourcecode.c.h; path = dynamicgridwidget.h; sourceTree = "<group>"; };
		45F0F0312A8831DD005F82DA /* dynamicgridwidget.cpp */ = {isa = PBXFileReference; fileEncoding = 4; lastKnownFileType = sourcecode.cpp.cpp; path = dynamicgridwidget.cpp; sourceTree = "<group>"; };
		45F0F0362A8831DD005F82DA /* manualhostdialog.h */ = {isa = PBXFileReference; fileEncoding = 4; lastKnownFileType = sourcecode.c.h; path = manualhostdialog.h; sourceTree = "<group>"; };
		45F0F0372A8831DD005F82DA /* registdialog.cpp */ = {isa = PBXFileReference; fileEncoding = 4; lastKnownFileType = sourcecode.cpp.cpp; path = registdialog.cpp; sourceTree = "<group>"; };
		45F0F0382A8831DD005F82DA /* exception.h */ = {isa = PBXFileReference; fileEncoding = 4; lastKnownFileType = sourcecode.c.h; path = exception.h; sourceTree = "<group>"; };
		45F0F0392A8831DD005F82DA /* settingskeycapturedialog.cpp */ = {isa = PBXFileReference; fileEncoding = 4; lastKnownFileType = sourcecode.cpp.cpp; path = settingskeycapturedialog.cpp; sourceTree = "<group>"; };
		45F0F03A2A8831DD005F82DA /* loginpindialog.h */ = {isa = PBXFileReference; fileEncoding = 4; lastKnownFileType = sourcecode.c.h; path = loginpindialog.h; sourceTree = "<group>"; };
		45F0F03C2A8831DD005F82DA /* streamsession.h */ = {isa = PBXFileReference; fileEncoding = 4; lastKnownFileType = sourcecode.c.h; path = streamsession.h; sourceTree = "<group>"; };
		45F0F03E2A8831DD005F82DA /* avopenglwidget.cpp */ = {isa = PBXFileReference; fileEncoding = 4; lastKnownFileType = sourcecode.cpp.cpp; path = avopenglwidget.cpp; sourceTree = "<group>"; };
		45F0F03F2A8831DD005F82DA /* streamwindow.h */ = {isa = PBXFileReference; fileEncoding = 4; lastKnownFileType = sourcecode.c.h; path = streamwindow.h; sourceTree = "<group>"; };
		45F0F0412A8831DD005F82DA /* mainwindow.h */ = {isa = PBXFileReference; fileEncoding = 4; lastKnownFileType = sourcecode.c.h; path = mainwindow.h; sourceTree = "<group>"; };
		45F0F0422A8831DD005F82DA /* host.cpp */ = {isa = PBXFileReference; fileEncoding = 4; lastKnownFileType = sourcecode.cpp.cpp; path = host.cpp; sourceTree = "<group>"; };
		45F0F0432A8831DD005F82DA /* main.cpp */ = {isa = PBXFileReference; fileEncoding = 4; lastKnownFileType = sourcecode.cpp.cpp; path = main.cpp; sourceTree = "<group>"; };
		45F0F0442A8831DD005F82DA /* settingskeycapturedialog.h */ = {isa = PBXFileReference; fileEncoding = 4; lastKnownFileType = sourcecode.c.h; path = settingskeycapturedialog.h; sourceTree = "<group>"; };
		45F0F0452A8831DD005F82DA /* serveritemwidget.h */ = {isa = PBXFileReference; fileEncoding = 4; lastKnownFileType = sourcecode.c.h; path = serveritemwidget.h; sourceTree = "<group>"; };
		45F0F0462A8831DD005F82DA /* streamwindow.cpp */ = {isa = PBXFileReference; fileEncoding = 4; lastKnownFileType = sourcecode.cpp.cpp; path = streamwindow.cpp; sourceTree = "<group>"; };
		45F0F0472A8831DD005F82DA /* settings.h */ = {isa = PBXFileReference; fileEncoding = 4; lastKnownFileType = sourcecode.c.h; path = settings.h; sourceTree = "<group>"; };
		45F0F0482A8831DD005F82DA /* settings.cpp */ = {isa = PBXFileReference; fileEncoding = 4; lastKnownFileType = sourcecode.cpp.cpp; path = settings.cpp; sourceTree = "<group>"; };
		45F0F0492A8831DD005F82DA /* loginpindialog.cpp */ = {isa = PBXFileReference; fileEncoding = 4; lastKnownFileType = sourcecode.cpp.cpp; path = loginpindialog.cpp; sourceTree = "<group>"; };
		45F0F04A2A8831DD005F82DA /* manualhostdialog.cpp */ = {isa = PBXFileReference; fileEncoding = 4; lastKnownFileType = sourcecode.cpp.cpp; path = manualhostdialog.cpp; sourceTree = "<group>"; };
		45F0F04B2A8831DD005F82DA /* sessionlog.cpp */ = {isa = PBXFileReference; fileEncoding = 4; lastKnownFileType = sourcecode.cpp.cpp; path = sessionlog.cpp; sourceTree = "<group>"; };
		45F0F04C2A8831DD005F82DA /* discoverymanager.cpp */ = {isa = PBXFileReference; fileEncoding = 4; lastKnownFileType = sourcecode.cpp.cpp; path = discoverymanager.cpp; sourceTree = "<group>"; };
		45F0F04D2A8831DD005F82DA /* host.h */ = {isa = PBXFileReference; fileEncoding = 4; lastKnownFileType = sourcecode.c.h; path = host.h; sourceTree = "<group>"; };
		45F0F04E2A8831DD005F82DA /* ui_mainwindow.h */ = {isa = PBXFileReference; fileEncoding = 4; lastKnownFileType = sourcecode.c.h; path = ui_mainwindow.h; sourceTree = "<group>"; };
		45F0F04F2A8831DD005F82DA /* registdialog.h */ = {isa = PBXFileReference; fileEncoding = 4; lastKnownFileType = sourcecode.c.h; path = registdialog.h; sourceTree = "<group>"; };
		45F0F0502A8831DE005F82DA /* chiaki_plugin_import.cpp */ = {isa = PBXFileReference; fileEncoding = 4; lastKnownFileType = sourcecode.cpp.cpp; path = chiaki_plugin_import.cpp; sourceTree = "<group>"; };
		45F0F0512A8831DE005F82DA /* avopenglframeuploader.cpp */ = {isa = PBXFileReference; fileEncoding = 4; lastKnownFileType = sourcecode.cpp.cpp; path = avopenglframeuploader.cpp; sourceTree = "<group>"; };
		45F0F0522A8831DE005F82DA /* sessionlog.h */ = {isa = PBXFileReference; fileEncoding = 4; lastKnownFileType = sourcecode.c.h; path = sessionlog.h; sourceTree = "<group>"; };
		45F0F0532A8831DE005F82DA /* settingsdialog.h */ = {isa = PBXFileReference; fileEncoding = 4; lastKnownFileType = sourcecode.c.h; path = settingsdialog.h; sourceTree = "<group>"; };
		45F0F0542A8831DE005F82DA /* transformmode.h */ = {isa = PBXFileReference; fileEncoding = 4; lastKnownFileType = sourcecode.c.h; path = transformmode.h; sourceTree = "<group>"; };
		45F0F0552A8831DE005F82DA /* settingsdialog.cpp */ = {isa = PBXFileReference; fileEncoding = 4; lastKnownFileType = sourcecode.cpp.cpp; path = settingsdialog.cpp; sourceTree = "<group>"; };
		45F0F0572A8831DE005F82DA /* logsniffer.h */ = {isa = PBXFileReference; fileEncoding = 4; lastKnownFileType = sourcecode.c.h; path = logsniffer.h; sourceTree = "<group>"; };
		45F0F0582A8831DE005F82DA /* controllermanager.h */ = {isa = PBXFileReference; fileEncoding = 4; lastKnownFileType = sourcecode.c.h; path = controllermanager.h; sourceTree = "<group>"; };
		45F0F05A2A8831DE005F82DA /* avopenglframeuploader.h */ = {isa = PBXFileReference; fileEncoding = 4; lastKnownFileType = sourcecode.c.h; path = avopenglframeuploader.h; sourceTree = "<group>"; };
		45F0F05B2A8831DE005F82DA /* serveritemwidget.cpp */ = {isa = PBXFileReference; fileEncoding = 4; lastKnownFileType = sourcecode.cpp.cpp; path = serveritemwidget.cpp; sourceTree = "<group>"; };
		45F0F05C2A8831DE005F82DA /* discoverymanager.h */ = {isa = PBXFileReference; fileEncoding = 4; lastKnownFileType = sourcecode.c.h; path = discoverymanager.h; sourceTree = "<group>"; };
		45F0F05E2A8831DE005F82DA /* avopenglwidget.h */ = {isa = PBXFileReference; fileEncoding = 4; lastKnownFileType = sourcecode.c.h; path = avopenglwidget.h; sourceTree = "<group>"; };
		45F0F05F2A8831DE005F82DA /* servericonwidget.h */ = {isa = PBXFileReference; fileEncoding = 4; lastKnownFileType = sourcecode.c.h; path = servericonwidget.h; sourceTree = "<group>"; };
		45F0F0632A8831DE005F82DA /* controllermanager.cpp */ = {isa = PBXFileReference; fileEncoding = 4; lastKnownFileType = sourcecode.cpp.cpp; path = controllermanager.cpp; sourceTree = "<group>"; };
		45F0F0642A8831DE005F82DA /* servericonwidget.cpp */ = {isa = PBXFileReference; fileEncoding = 4; lastKnownFileType = sourcecode.cpp.cpp; path = servericonwidget.cpp; sourceTree = "<group>"; };
		45F0F08B2A883296005F82DA /* moc_streamsession.cpp */ = {isa = PBXFileReference; fileEncoding = 4; lastKnownFileType = sourcecode.cpp.cpp; path = moc_streamsession.cpp; sourceTree = "<group>"; };
		45F0F08C2A883296005F82DA /* moc_dynamicgridwidget.cpp */ = {isa = PBXFileReference; fileEncoding = 4; lastKnownFileType = sourcecode.cpp.cpp; path = moc_dynamicgridwidget.cpp; sourceTree = "<group>"; };
		45F0F08E2A883296005F82DA /* moc_discoverymanager.cpp */ = {isa = PBXFileReference; fileEncoding = 4; lastKnownFileType = sourcecode.cpp.cpp; path = moc_discoverymanager.cpp; sourceTree = "<group>"; };
		45F0F08F2A883296005F82DA /* moc_manualhostdialog.cpp */ = {isa = PBXFileReference; fileEncoding = 4; lastKnownFileType = sourcecode.cpp.cpp; path = moc_manualhostdialog.cpp; sourceTree = "<group>"; };
		45F0F0902A883296005F82DA /* moc_mainwindow.cpp */ = {isa = PBXFileReference; fileEncoding = 4; lastKnownFileType = sourcecode.cpp.cpp; path = moc_mainwindow.cpp; sourceTree = "<group>"; };
		45F0F0912A883296005F82DA /* moc_streamwindow.cpp */ = {isa = PBXFileReference; fileEncoding = 4; lastKnownFileType = sourcecode.cpp.cpp; path = moc_streamwindow.cpp; sourceTree = "<group>"; };
		45F0F0922A883296005F82DA /* moc_settingsdialog.cpp */ = {isa = PBXFileReference; fileEncoding = 4; lastKnownFileType = sourcecode.cpp.cpp; path = moc_settingsdialog.cpp; sourceTree = "<group>"; };
		45F0F0932A883296005F82DA /* moc_avopenglwidget.cpp */ = {isa = PBXFileReference; fileEncoding = 4; lastKnownFileType = sourcecode.cpp.cpp; path = moc_avopenglwidget.cpp; sourceTree = "<group>"; };
		45F0F0942A883296005F82DA /* moc_serveritemwidget.cpp */ = {isa = PBXFileReference; fileEncoding = 4; lastKnownFileType = sourcecode.cpp.cpp; path = moc_serveritemwidget.cpp; sourceTree = "<group>"; };
		45F0F0952A883296005F82DA /* moc_controllermanager.cpp */ = {isa = PBXFileReference; fileEncoding = 4; lastKnownFileType = sourcecode.cpp.cpp; path = moc_controllermanager.cpp; sourceTree = "<group>"; };
		45F0F0962A883296005F82DA /* moc_servericonwidget.cpp */ = {isa = PBXFileReference; fileEncoding = 4; lastKnownFileType = sourcecode.cpp.cpp; path = moc_servericonwidget.cpp; sourceTree = "<group>"; };
		45F0F0972A883296005F82DA /* moc_loginpindialog.cpp */ = {isa = PBXFileReference; fileEncoding = 4; lastKnownFileType = sourcecode.cpp.cpp; path = moc_loginpindialog.cpp; sourceTree = "<group>"; };
		45F0F0982A883297005F82DA /* moc_avopenglframeuploader.cpp */ = {isa = PBXFileReference; fileEncoding = 4; lastKnownFileType = sourcecode.cpp.cpp; path = moc_avopenglframeuploader.cpp; sourceTree = "<group>"; };
		45F0F0992A883297005F82DA /* moc_settings.cpp */ = {isa = PBXFileReference; fileEncoding = 4; lastKnownFileType = sourcecode.cpp.cpp; path = moc_settings.cpp; sourceTree = "<group>"; };
		45F0F09A2A883297005F82DA /* moc_settingskeycapturedialog.cpp */ = {isa = PBXFileReference; fileEncoding = 4; lastKnownFileType = sourcecode.cpp.cpp; path = moc_settingskeycapturedialog.cpp; sourceTree = "<group>"; };
		45F0F09B2A883297005F82DA /* moc_registdialog.cpp */ = {isa = PBXFileReference; fileEncoding = 4; lastKnownFileType = sourcecode.cpp.cpp; path = moc_registdialog.cpp; sourceTree = "<group>"; };
		45F0F0AD2A883413005F82DA /* chiaki.svg */ = {isa = PBXFileReference; fileEncoding = 4; lastKnownFileType = text.xml; name = chiaki.svg; path = "Chiaki iOS.xcodeproj/chiaki.svg"; sourceTree = "<group>"; };
		45F0F0AE2A883413005F82DA /* console-ps4.svg */ = {isa = PBXFileReference; fileEncoding = 4; lastKnownFileType = text.xml; name = "console-ps4.svg"; path = "Chiaki iOS.xcodeproj/console-ps4.svg"; sourceTree = "<group>"; };
		45F0F0AF2A883413005F82DA /* discover-off-24px.svg */ = {isa = PBXFileReference; fileEncoding = 4; lastKnownFileType = text; name = "discover-off-24px.svg"; path = "Chiaki iOS.xcodeproj/discover-off-24px.svg"; sourceTree = "<group>"; };
		45F0F0B02A883413005F82DA /* add-24px.svg */ = {isa = PBXFileReference; fileEncoding = 4; lastKnownFileType = text; name = "add-24px.svg"; path = "Chiaki iOS.xcodeproj/add-24px.svg"; sourceTree = "<group>"; };
		45F0F0B12A883413005F82DA /* Default-568h@2x.png */ = {isa = PBXFileReference; lastKnownFileType = image.png; name = "Default-568h@2x.png"; path = "Chiaki iOS.xcodeproj/Default-568h@2x.png"; sourceTree = "<group>"; };
		45F0F0B22A883413005F82DA /* console-ps5.svg */ = {isa = PBXFileReference; fileEncoding = 4; lastKnownFileType = text.xml; name = "console-ps5.svg"; path = "Chiaki iOS.xcodeproj/console-ps5.svg"; sourceTree = "<group>"; };
		45F0F0B32A883413005F82DA /* discover-24px.svg */ = {isa = PBXFileReference; fileEncoding = 4; lastKnownFileType = text; name = "discover-24px.svg"; path = "Chiaki iOS.xcodeproj/discover-24px.svg"; sourceTree = "<group>"; };
		45F0F0BB2A883434005F82DA /* settings-20px.svg */ = {isa = PBXFileReference; fileEncoding = 4; lastKnownFileType = text; name = "settings-20px.svg"; path = "Chiaki iOS.xcodeproj/settings-20px.svg"; sourceTree = "<group>"; };
		4D765E1B1EA6C757220C63E7 /* CoreFoundation.framework */ = {isa = PBXFileReference; lastKnownFileType = wrapper.framework; name = CoreFoundation.framework; path = /System/Library/Frameworks/CoreFoundation.framework; sourceTree = "<absolute>"; };
		5A0658F970BE95BDF5A87CE5 /* Qt5Core */ = {isa = PBXFileReference; lastKnownFileType = archive.ar; name = Qt5Core; path = "/Users/teun/Qt/5.15.2/ios/lib/libQt5Core$(QT_LIBRARY_SUFFIX).a"; sourceTree = "<absolute>"; };
		6AE3EC31EE5BB1FCEE84137C /* CoreGraphics.framework */ = {isa = PBXFileReference; lastKnownFileType = wrapper.framework; name = CoreGraphics.framework; path = /System/Library/Frameworks/CoreGraphics.framework; sourceTree = "<absolute>"; };
		6CAB2F00E09FC9A72EDC0628 /* qios */ = {isa = PBXFileReference; lastKnownFileType = archive.ar; name = qios; path = "/Users/teun/Qt/5.15.2/ios/plugins/platforms/libqios$(QT_LIBRARY_SUFFIX).a"; sourceTree = "<absolute>"; };
		6F07EC9CFC16DF73B79DF610 /* qmacjp2 */ = {isa = PBXFileReference; lastKnownFileType = archive.ar; name = qmacjp2; path = "/Users/teun/Qt/5.15.2/ios/plugins/imageformats/libqmacjp2$(QT_LIBRARY_SUFFIX).a"; sourceTree = "<absolute>"; };
		752FF3794770B634CA2C9635 /* Qt5ClipboardSupport */ = {isa = PBXFileReference; lastKnownFileType = archive.ar; name = Qt5ClipboardSupport; path = "/Users/teun/Qt/5.15.2/ios/lib/libQt5ClipboardSupport$(QT_LIBRARY_SUFFIX).a"; sourceTree = "<absolute>"; };
		7603780903FD7E46E12B16EC /* qtfreetype */ = {isa = PBXFileReference; lastKnownFileType = archive.ar; name = qtfreetype; path = "/Users/teun/Qt/5.15.2/ios/lib/libqtfreetype$(QT_LIBRARY_SUFFIX).a"; sourceTree = "<absolute>"; };
		7ADF703FA2B0857A366D2EAC /* chiaki.pro */ = {isa = PBXFileReference; lastKnownFileType = text; name = chiaki.pro; path = "/Users/teun/build-untitled1-Qt_5_15_2_for_iOS-Debug/chiaki.pro"; sourceTree = "<absolute>"; };
		7D7B02101166B76FD2D4F8B4 /* CoreText.framework */ = {isa = PBXFileReference; lastKnownFileType = wrapper.framework; name = CoreText.framework; path = /System/Library/Frameworks/CoreText.framework; sourceTree = "<absolute>"; };
		7EC00404ACD5AB0E97726B0E /* QuartzCore.framework */ = {isa = PBXFileReference; lastKnownFileType = wrapper.framework; name = QuartzCore.framework; path = /System/Library/Frameworks/QuartzCore.framework; sourceTree = "<absolute>"; };
		83C9505DDDFA16B999BEA3F8 /* qtga */ = {isa = PBXFileReference; lastKnownFileType = archive.ar; name = qtga; path = "/Users/teun/Qt/5.15.2/ios/plugins/imageformats/libqtga$(QT_LIBRARY_SUFFIX).a"; sourceTree = "<absolute>"; };
		888C0DB6CCF8D32D02B29CBD /* qmacheif */ = {isa = PBXFileReference; lastKnownFileType = archive.ar; name = qmacheif; path = "/Users/teun/Qt/5.15.2/ios/plugins/imageformats/libqmacheif$(QT_LIBRARY_SUFFIX).a"; sourceTree = "<absolute>"; };
		985CFCB8485692DF79579FD4 /* qtpcre2 */ = {isa = PBXFileReference; lastKnownFileType = archive.ar; name = qtpcre2; path = "/Users/teun/Qt/5.15.2/ios/lib/libqtpcre2$(QT_LIBRARY_SUFFIX).a"; sourceTree = "<absolute>"; };
		9AFB385DA4F9453FAD5AA2F2 /* qtiff */ = {isa = PBXFileReference; lastKnownFileType = archive.ar; name = qtiff; path = "/Users/teun/Qt/5.15.2/ios/plugins/imageformats/libqtiff$(QT_LIBRARY_SUFFIX).a"; sourceTree = "<absolute>"; };
		9D635E522D536B91890F7AF9 /* Chiaki.app */ = {isa = PBXFileReference; explicitFileType = wrapper.application; includeInIndex = 0; path = Chiaki.app; sourceTree = BUILT_PRODUCTS_DIR; };
		9DAD141C56A96DCE56957211 /* Qt5Gui */ = {isa = PBXFileReference; lastKnownFileType = archive.ar; name = Qt5Gui; path = "/Users/teun/Qt/5.15.2/ios/lib/libQt5Gui$(QT_LIBRARY_SUFFIX).a"; sourceTree = "<absolute>"; };
		AB7EA0C9479C5EF1D6B26C5A /* qicns */ = {isa = PBXFileReference; lastKnownFileType = archive.ar; name = qicns; path = "/Users/teun/Qt/5.15.2/ios/plugins/imageformats/libqicns$(QT_LIBRARY_SUFFIX).a"; sourceTree = "<absolute>"; };
		B0A00C1B0B528771DF1EC33F /* Qt5FontDatabaseSupport */ = {isa = PBXFileReference; lastKnownFileType = archive.ar; name = Qt5FontDatabaseSupport; path = "/Users/teun/Qt/5.15.2/ios/lib/libQt5FontDatabaseSupport$(QT_LIBRARY_SUFFIX).a"; sourceTree = "<absolute>"; };
		B6D84FE24EC921D49F5D656A /* qico */ = {isa = PBXFileReference; lastKnownFileType = archive.ar; name = qico; path = "/Users/teun/Qt/5.15.2/ios/plugins/imageformats/libqico$(QT_LIBRARY_SUFFIX).a"; sourceTree = "<absolute>"; };
		BD107EC573F1437222B4A5CA /* qwbmp */ = {isa = PBXFileReference; lastKnownFileType = archive.ar; name = qwbmp; path = "/Users/teun/Qt/5.15.2/ios/plugins/imageformats/libqwbmp$(QT_LIBRARY_SUFFIX).a"; sourceTree = "<absolute>"; };
		D790C02937983348F047BACE /* Qt5Widgets */ = {isa = PBXFileReference; lastKnownFileType = archive.ar; name = Qt5Widgets; path = "/Users/teun/Qt/5.15.2/ios/lib/libQt5Widgets$(QT_LIBRARY_SUFFIX).a"; sourceTree = "<absolute>"; };
		FCC237CA5AD60B9BA4447615 /* Foundation.framework */ = {isa = PBXFileReference; lastKnownFileType = wrapper.framework; name = Foundation.framework; path = /System/Library/Frameworks/Foundation.framework; sourceTree = "<absolute>"; };
/* End PBXFileReference section */

/* Begin PBXFrameworksBuildPhase section */
		D1C883685E82D5676953459A /* Link Binary With Libraries */ = {
			isa = PBXFrameworksBuildPhase;
			buildActionMask = 2147483647;
			files = (
				45128CF12A8828B600D6F2BA /* libiconv.tbd in Link Binary With Libraries */,
				45128CDD2A8827B700D6F2BA /* AudioToolbox.framework in Link Binary With Libraries */,
				45128CDB2A8827B200D6F2BA /* QuartzCore.framework in Link Binary With Libraries */,
				45128CD92A8827A000D6F2BA /* CoreHaptics.framework in Link Binary With Libraries */,
				45128CD72A88279300D6F2BA /* CoreMotion.framework in Link Binary With Libraries */,
				45128CD52A88278E00D6F2BA /* CoreMedia.framework in Link Binary With Libraries */,
				45128CD32A88277900D6F2BA /* VideoToolbox.framework in Link Binary With Libraries */,
				45128CD12A88277500D6F2BA /* CoreVideo.framework in Link Binary With Libraries */,
				45128CCF2A88277000D6F2BA /* GameController.framework in Link Binary With Libraries */,
				45128CCD2A88276A00D6F2BA /* AVFAudio.framework in Link Binary With Libraries */,
				712CF96E03ABD638FAA52DB2 /* qios in Link Binary With Libraries */,
				B460F624007324313696BE86 /* QuartzCore.framework in Link Binary With Libraries */,
				4EB68D0C8182BCE33529C421 /* AudioToolbox.framework in Link Binary With Libraries */,
				71EAF5D5D3C0395852545F7E /* Qt5FontDatabaseSupport in Link Binary With Libraries */,
				FD7874C421519E900BC27FC5 /* qtfreetype in Link Binary With Libraries */,
				E7FCEE92F2F100263FF0FD84 /* Qt5GraphicsSupport in Link Binary With Libraries */,
				6AE66B00AC52EF3D4F5EFEFF /* Qt5ClipboardSupport in Link Binary With Libraries */,
				35FD3D0014622250C5A38D6F /* qgif in Link Binary With Libraries */,
				98D62A848B393276A5A837C1 /* qicns in Link Binary With Libraries */,
				E897630D38637D7C6ECA066B /* qico in Link Binary With Libraries */,
				23D6A472DE33DA1BFBA31088 /* qjpeg in Link Binary With Libraries */,
				40985A8274FC0872C9EFC89D /* qmacheif in Link Binary With Libraries */,
				F716BBE99DA127A8FE7A63B2 /* qmacjp2 in Link Binary With Libraries */,
				61EEC397DC8556BF8C4E36A7 /* ImageIO.framework in Link Binary With Libraries */,
				C5FAF61B543F70A10AA3B79D /* qtga in Link Binary With Libraries */,
				270090F818B237CEDCFBE7B3 /* qtiff in Link Binary With Libraries */,
				604878DF028F5D1DBBA85449 /* qwbmp in Link Binary With Libraries */,
				45128CC42A88248D00D6F2BA /* libgf_complete.a in Link Binary With Libraries */,
				45128CC52A88248D00D6F2BA /* libopus.a in Link Binary With Libraries */,
				45128CC62A88248E00D6F2BA /* libSDL2.a in Link Binary With Libraries */,
				45128CC72A88248E00D6F2BA /* libssl.a in Link Binary With Libraries */,
				45128CC82A88248E00D6F2BA /* libprotobuf-nanopb.a in Link Binary With Libraries */,
				45128CC92A88248E00D6F2BA /* libchiaki.a in Link Binary With Libraries */,
				45128CCA2A88248E00D6F2BA /* libcrypto.a in Link Binary With Libraries */,
				45128CDF2A88285200D6F2BA /* libQt5Svg.a in Link Binary With Libraries */,
				45128CCB2A88248E00D6F2BA /* libjerasure.a in Link Binary With Libraries */,
				45128CE12A88285900D6F2BA /* libQt5Multimedia.a in Link Binary With Libraries */,
				45128CE92A88289600D6F2BA /* libavformat.a in Link Binary With Libraries */,
				45128CEA2A88289700D6F2BA /* libavdevice.a in Link Binary With Libraries */,
				45128CEB2A88289700D6F2BA /* libswscale.a in Link Binary With Libraries */,
				45128CEC2A88289800D6F2BA /* libswresample.a in Link Binary With Libraries */,
				45128CED2A88289800D6F2BA /* libavcodec.a in Link Binary With Libraries */,
				45128CEE2A88289900D6F2BA /* libavfilter.a in Link Binary With Libraries */,
				45128CEF2A88289900D6F2BA /* libavutil.a in Link Binary With Libraries */,
				34FC27B9D2322D16E8E3C47D /* qwebp in Link Binary With Libraries */,
				45075F812F485E6BD3B05639 /* Qt5Widgets in Link Binary With Libraries */,
				CF6AA39DF6BE2F6FF122981E /* Qt5Gui in Link Binary With Libraries */,
				B3FE8FAC746D3D5BB24FA398 /* Metal.framework in Link Binary With Libraries */,
				250AE8B5516EBA8A225E2F05 /* qtlibpng in Link Binary With Libraries */,
				6EC2D764C807879B2AD2D45B /* qtharfbuzz in Link Binary With Libraries */,
				2B02D9DC58A01E45248DDBCE /* CoreText.framework in Link Binary With Libraries */,
				0CE02722F00CAD43741297B5 /* CoreGraphics.framework in Link Binary With Libraries */,
				DF69E43AD94AE36CDD4496B5 /* Qt5Core in Link Binary With Libraries */,
				F8B465CE34D8DF87AAE95913 /* CoreFoundation.framework in Link Binary With Libraries */,
				F26454630C80841CBDCFE1CA /* Foundation.framework in Link Binary With Libraries */,
				DC7A30D2B5C1AEA511CDAAB6 /* qtpcre2 in Link Binary With Libraries */,
			);
			name = "Link Binary With Libraries";
			runOnlyForDeploymentPostprocessing = 0;
		};
/* End PBXFrameworksBuildPhase section */

/* Begin PBXGroup section */
		25B08E2869634E9BCBA333A2 /* Generated Sources */ = {
			isa = PBXGroup;
			children = (
				45F0F0982A883297005F82DA /* moc_avopenglframeuploader.cpp */,
				45F0F0932A883296005F82DA /* moc_avopenglwidget.cpp */,
				45F0F0952A883296005F82DA /* moc_controllermanager.cpp */,
				45F0F08E2A883296005F82DA /* moc_discoverymanager.cpp */,
				45F0F08C2A883296005F82DA /* moc_dynamicgridwidget.cpp */,
				45F0F0972A883296005F82DA /* moc_loginpindialog.cpp */,
				45F0F0902A883296005F82DA /* moc_mainwindow.cpp */,
				45F0F08F2A883296005F82DA /* moc_manualhostdialog.cpp */,
				45F0F09B2A883297005F82DA /* moc_registdialog.cpp */,
				45F0F0962A883296005F82DA /* moc_servericonwidget.cpp */,
				45F0F0942A883296005F82DA /* moc_serveritemwidget.cpp */,
				45F0F0992A883297005F82DA /* moc_settings.cpp */,
				45F0F0922A883296005F82DA /* moc_settingsdialog.cpp */,
				45F0F09A2A883297005F82DA /* moc_settingskeycapturedialog.cpp */,
				45F0F08B2A883296005F82DA /* moc_streamsession.cpp */,
				45F0F0912A883296005F82DA /* moc_streamwindow.cpp */,
			);
			name = "Generated Sources";
			sourceTree = "<group>";
		};
		2EB56BE3C2D93CDAB0C52E67 /* Sources */ = {
			isa = PBXGroup;
			children = (
				45F0F0512A8831DE005F82DA /* avopenglframeuploader.cpp */,
				45F0F05A2A8831DE005F82DA /* avopenglframeuploader.h */,
				45F0F03E2A8831DD005F82DA /* avopenglwidget.cpp */,
				45F0F05E2A8831DE005F82DA /* avopenglwidget.h */,
				45F0F0502A8831DE005F82DA /* chiaki_plugin_import.cpp */,
				45F0F0632A8831DE005F82DA /* controllermanager.cpp */,
				45F0F0582A8831DE005F82DA /* controllermanager.h */,
				45F0F04C2A8831DD005F82DA /* discoverymanager.cpp */,
				45F0F05C2A8831DE005F82DA /* discoverymanager.h */,
				45F0F0312A8831DD005F82DA /* dynamicgridwidget.cpp */,
				45F0F0302A8831DD005F82DA /* dynamicgridwidget.h */,
				45F0F0382A8831DD005F82DA /* exception.h */,
				45F0F0422A8831DD005F82DA /* host.cpp */,
				45F0F04D2A8831DD005F82DA /* host.h */,
				45F0F0492A8831DD005F82DA /* loginpindialog.cpp */,
				45F0F03A2A8831DD005F82DA /* loginpindialog.h */,
				45F0F0572A8831DE005F82DA /* logsniffer.h */,
				45F0F0432A8831DD005F82DA /* main.cpp */,
				45F0F02C2A8831DD005F82DA /* mainwindow.cpp */,
				45F0F0412A8831DD005F82DA /* mainwindow.h */,
				45F0F04A2A8831DD005F82DA /* manualhostdialog.cpp */,
				45F0F0362A8831DD005F82DA /* manualhostdialog.h */,
				45F0F0372A8831DD005F82DA /* registdialog.cpp */,
				45F0F04F2A8831DD005F82DA /* registdialog.h */,
				45F0F0642A8831DE005F82DA /* servericonwidget.cpp */,
				45F0F05F2A8831DE005F82DA /* servericonwidget.h */,
				45F0F05B2A8831DE005F82DA /* serveritemwidget.cpp */,
				45F0F0452A8831DD005F82DA /* serveritemwidget.h */,
				45F0F04B2A8831DD005F82DA /* sessionlog.cpp */,
				45F0F0522A8831DE005F82DA /* sessionlog.h */,
				45F0F0482A8831DD005F82DA /* settings.cpp */,
				45F0F0472A8831DD005F82DA /* settings.h */,
				45F0F0552A8831DE005F82DA /* settingsdialog.cpp */,
				45F0F0532A8831DE005F82DA /* settingsdialog.h */,
				45F0F0392A8831DD005F82DA /* settingskeycapturedialog.cpp */,
				45F0F0442A8831DD005F82DA /* settingskeycapturedialog.h */,
				45F0F02F2A8831DD005F82DA /* streamsession.cpp */,
				45F0F03C2A8831DD005F82DA /* streamsession.h */,
				45F0F0462A8831DD005F82DA /* streamwindow.cpp */,
				45F0F03F2A8831DD005F82DA /* streamwindow.h */,
				45F0F0542A8831DE005F82DA /* transformmode.h */,
				45F0F04E2A8831DD005F82DA /* ui_mainwindow.h */,
			);
			name = Sources;
			sourceTree = "<group>";
		};
		74B182DB50CB5611B5C1C297 /* Supporting Files */ = {
			isa = PBXGroup;
			children = (
				7ADF703FA2B0857A366D2EAC /* chiaki.pro */,
				0BE9C48FF97ADD9EEE0E776D /* .qmake.stash */,
			);
			name = "Supporting Files";
			sourceTree = "<group>";
		};
		858FCAB0EB1F29CF8B07677C /* Bundle Data */ = {
			isa = PBXGroup;
			children = (
				45F0F0BB2A883434005F82DA /* settings-20px.svg */,
				45F0F0B22A883413005F82DA /* console-ps5.svg */,
				45128D0A2A8830A800D6F2BA /* Default-568h@2x.png */,
				45F0F0B02A883413005F82DA /* add-24px.svg */,
				45F0F0AD2A883413005F82DA /* chiaki.svg */,
				45F0F0AE2A883413005F82DA /* console-ps4.svg */,
				45F0F0B12A883413005F82DA /* Default-568h@2x.png */,
				45F0F0B32A883413005F82DA /* discover-24px.svg */,
				45F0F0AF2A883413005F82DA /* discover-off-24px.svg */,
				45128D082A8830A300D6F2BA /* LaunchScreen.storyboard */,
				45128D062A88309400D6F2BA /* Settings.bundle */,
			);
			name = "Bundle Data";
			sourceTree = "<group>";
		};
		AF39DD055C3EF8226FBE929D /* Frameworks */ = {
			isa = PBXGroup;
			children = (
				45128CF02A8828B600D6F2BA /* libiconv.tbd */,
				45128CE62A88289600D6F2BA /* libavcodec.a */,
				45128CE32A88289600D6F2BA /* libavdevice.a */,
				45128CE72A88289600D6F2BA /* libavfilter.a */,
				45128CE22A88289600D6F2BA /* libavformat.a */,
				45128CE82A88289600D6F2BA /* libavutil.a */,
				45128CE52A88289600D6F2BA /* libswresample.a */,
				45128CE42A88289600D6F2BA /* libswscale.a */,
				45128CE02A88285900D6F2BA /* libQt5Multimedia.a */,
				45128CDE2A88285200D6F2BA /* libQt5Svg.a */,
				45128CDC2A8827B700D6F2BA /* AudioToolbox.framework */,
				45128CDA2A8827B200D6F2BA /* QuartzCore.framework */,
				45128CD82A8827A000D6F2BA /* CoreHaptics.framework */,
				45128CD62A88279300D6F2BA /* CoreMotion.framework */,
				45128CD42A88278E00D6F2BA /* CoreMedia.framework */,
				45128CD22A88277900D6F2BA /* VideoToolbox.framework */,
				45128CD02A88277500D6F2BA /* CoreVideo.framework */,
				45128CCE2A88277000D6F2BA /* GameController.framework */,
				45128CCC2A88276A00D6F2BA /* AVFAudio.framework */,
				45128CC12A88248D00D6F2BA /* libchiaki.a */,
				45128CC22A88248D00D6F2BA /* libcrypto.a */,
				45128CBC2A88248D00D6F2BA /* libgf_complete.a */,
				45128CC32A88248D00D6F2BA /* libjerasure.a */,
				45128CBD2A88248D00D6F2BA /* libopus.a */,
				45128CC02A88248D00D6F2BA /* libprotobuf-nanopb.a */,
				45128CBE2A88248D00D6F2BA /* libSDL2.a */,
				45128CBF2A88248D00D6F2BA /* libssl.a */,
				6CAB2F00E09FC9A72EDC0628 /* qios */,
				7EC00404ACD5AB0E97726B0E /* QuartzCore.framework */,
				3C44131FDCFEF4396B9EA2BA /* AudioToolbox.framework */,
				B0A00C1B0B528771DF1EC33F /* Qt5FontDatabaseSupport */,
				7603780903FD7E46E12B16EC /* qtfreetype */,
				1BD1AE87F437CEAF36EE050A /* Qt5GraphicsSupport */,
				752FF3794770B634CA2C9635 /* Qt5ClipboardSupport */,
				1696BCD1AFC5C81B0D07B6F0 /* qgif */,
				AB7EA0C9479C5EF1D6B26C5A /* qicns */,
				B6D84FE24EC921D49F5D656A /* qico */,
				23635312C6D724A0245AD0CB /* qjpeg */,
				888C0DB6CCF8D32D02B29CBD /* qmacheif */,
				6F07EC9CFC16DF73B79DF610 /* qmacjp2 */,
				3A8EF9C62A8D4790CBB89CEA /* ImageIO.framework */,
				83C9505DDDFA16B999BEA3F8 /* qtga */,
				9AFB385DA4F9453FAD5AA2F2 /* qtiff */,
				BD107EC573F1437222B4A5CA /* qwbmp */,
				454D1E617B59B658F77582FF /* qwebp */,
				D790C02937983348F047BACE /* Qt5Widgets */,
				9DAD141C56A96DCE56957211 /* Qt5Gui */,
				1B2543FCC48E9436F21C4F63 /* Metal.framework */,
				04DCC54C7034190418F8FF12 /* qtlibpng */,
				10192DE9114BF84B09435291 /* qtharfbuzz */,
				7D7B02101166B76FD2D4F8B4 /* CoreText.framework */,
				6AE3EC31EE5BB1FCEE84137C /* CoreGraphics.framework */,
				5A0658F970BE95BDF5A87CE5 /* Qt5Core */,
				4D765E1B1EA6C757220C63E7 /* CoreFoundation.framework */,
				FCC237CA5AD60B9BA4447615 /* Foundation.framework */,
				985CFCB8485692DF79579FD4 /* qtpcre2 */,
			);
			name = Frameworks;
			sourceTree = "<group>";
		};
		E8C543AB96796ECAA2E65C57 /* chiaki */ = {
			isa = PBXGroup;
			children = (
				45128CF22A88295600D6F2BA /* moc_mainwindow.cpp */,
				45128D042A882B3E00D6F2BA /* Media.xcassets */,
				2EB56BE3C2D93CDAB0C52E67 /* Sources */,
				25B08E2869634E9BCBA333A2 /* Generated Sources */,
				74B182DB50CB5611B5C1C297 /* Supporting Files */,
				AF39DD055C3EF8226FBE929D /* Frameworks */,
				858FCAB0EB1F29CF8B07677C /* Bundle Data */,
				FE0A091FDBFB3E9C31B7A1BD /* Products */,
			);
			name = chiaki;
			sourceTree = "<group>";
		};
		FE0A091FDBFB3E9C31B7A1BD /* Products */ = {
			isa = PBXGroup;
			children = (
				9D635E522D536B91890F7AF9 /* Chiaki.app */,
			);
			name = Products;
			sourceTree = "<group>";
		};
/* End PBXGroup section */

/* Begin PBXNativeTarget section */
		0A11CDF8F1CC4D90621CC89B /* chiaki */ = {
			isa = PBXNativeTarget;
			buildConfigurationList = 6CC3B5D2136C7CD6A5CF5A59 /* Build configuration list for PBXNativeTarget "chiaki" */;
			buildPhases = (
				F7E50F631C51CD5B5DC0BC43 /* Compile Sources */,
				D1C883685E82D5676953459A /* Link Binary With Libraries */,
				30414803F31797EB689AE508 /* Copy Bundle Resources */,
				99542592E9780B9225F24AA8 /* Embed Frameworks */,
			);
			buildRules = (
			);
			dependencies = (
				DBA3DA477A8FAE620F088A62 /* PBXTargetDependency */,
			);
			name = chiaki;
			productName = chiaki;
			productReference = 9D635E522D536B91890F7AF9 /* Chiaki.app */;
			productType = "com.apple.product-type.application";
		};
/* End PBXNativeTarget section */

/* Begin PBXProject section */
		6DB9C3763D02B1415CD9D565 /* Project object */ = {
			isa = PBXProject;
			attributes = {
				TargetAttributes = {
					0A11CDF8F1CC4D90621CC89B = {
						DevelopmentTeam = MRR3LKQADX;
					};
					48FB2061E6B1901023770F5D = {
						DevelopmentTeam = MRR3LKQADX;
					};
				};
			};
			buildConfigurationList = DAC4C1AA5EDEA1C85E9CA5E6 /* Build configuration list for PBXProject "Chiaki iOS" */;
			compatibilityVersion = "Xcode 3.2";
			developmentRegion = en;
			hasScannedForEncodings = 1;
			knownRegions = (
				en,
				Base,
			);
			mainGroup = E8C543AB96796ECAA2E65C57 /* chiaki */;
			productRefGroup = FE0A091FDBFB3E9C31B7A1BD /* Products */;
			projectDirPath = "";
			projectRoot = "";
			targets = (
				0A11CDF8F1CC4D90621CC89B /* chiaki */,
				48FB2061E6B1901023770F5D /* Qt Preprocess */,
			);
		};
/* End PBXProject section */

/* Begin PBXResourcesBuildPhase section */
		30414803F31797EB689AE508 /* Copy Bundle Resources */ = {
			isa = PBXResourcesBuildPhase;
			buildActionMask = 2147483647;
			files = (
				45128D072A88309400D6F2BA /* Settings.bundle in Copy Bundle Resources */,
				45F0F0BC2A883434005F82DA /* settings-20px.svg in Copy Bundle Resources */,
				45F0F0B52A883413005F82DA /* console-ps4.svg in Copy Bundle Resources */,
				45F0F0B42A883413005F82DA /* chiaki.svg in Copy Bundle Resources */,
				45F0F0BA2A883413005F82DA /* discover-24px.svg in Copy Bundle Resources */,
				45128D052A882B3E00D6F2BA /* Media.xcassets in Copy Bundle Resources */,
				45F0F0B92A883413005F82DA /* console-ps5.svg in Copy Bundle Resources */,
				45F0F0B72A883413005F82DA /* add-24px.svg in Copy Bundle Resources */,
				45F0F0B82A883413005F82DA /* Default-568h@2x.png in Copy Bundle Resources */,
				45128D092A8830A300D6F2BA /* LaunchScreen.storyboard in Copy Bundle Resources */,
				45F0F0B62A883413005F82DA /* discover-off-24px.svg in Copy Bundle Resources */,
			);
			name = "Copy Bundle Resources";
			runOnlyForDeploymentPostprocessing = 0;
		};
/* End PBXResourcesBuildPhase section */

/* Begin PBXShellScriptBuildPhase section */
		5E618435888B9D49F8540165 /* Qt Qmake */ = {
			isa = PBXShellScriptBuildPhase;
			buildActionMask = 2147483647;
			files = (
			);
			name = "Qt Qmake";
			runOnlyForDeploymentPostprocessing = 0;
			shellPath = /bin/sh;
			shellScript = "make -C . -f 'Chiaki iOS.xcodeproj/qt_makeqmake.mak'\n";
			showEnvVarsInLog = 0;
		};
		7EF0942E79C014DCEC8976BC /* Qt Preprocessors */ = {
			isa = PBXShellScriptBuildPhase;
			buildActionMask = 2147483647;
			files = (
			);
			name = "Qt Preprocessors";
			runOnlyForDeploymentPostprocessing = 0;
			shellPath = /bin/sh;
			shellScript = "make -C . -f 'Chiaki iOS.xcodeproj/qt_preprocess.mak'\n";
			showEnvVarsInLog = 0;
		};
/* End PBXShellScriptBuildPhase section */

/* Begin PBXSourcesBuildPhase section */
		F7E50F631C51CD5B5DC0BC43 /* Compile Sources */ = {
			isa = PBXSourcesBuildPhase;
			buildActionMask = 2147483647;
			files = (
				45F0F07D2A8831DE005F82DA /* discoverymanager.cpp in Compile Sources */,
				45F0F09F2A883297005F82DA /* moc_discoverymanager.cpp in Compile Sources */,
				45F0F0882A8831DE005F82DA /* controllermanager.cpp in Compile Sources */,
				45F0F0A02A883297005F82DA /* moc_manualhostdialog.cpp in Compile Sources */,
				45F0F0A92A883297005F82DA /* moc_avopenglframeuploader.cpp in Compile Sources */,
				45F0F0792A8831DE005F82DA /* settings.cpp in Compile Sources */,
				45F0F0A82A883297005F82DA /* moc_loginpindialog.cpp in Compile Sources */,
				45F0F0742A8831DE005F82DA /* avopenglwidget.cpp in Compile Sources */,
				45F0F0A32A883297005F82DA /* moc_settingsdialog.cpp in Compile Sources */,
				45F0F0A62A883297005F82DA /* moc_controllermanager.cpp in Compile Sources */,
				45F0F0802A8831DE005F82DA /* settingsdialog.cpp in Compile Sources */,
				45F0F0AC2A883297005F82DA /* moc_registdialog.cpp in Compile Sources */,
				45F0F07F2A8831DE005F82DA /* avopenglframeuploader.cpp in Compile Sources */,
				45F0F07B2A8831DE005F82DA /* manualhostdialog.cpp in Compile Sources */,
				45F0F0762A8831DE005F82DA /* host.cpp in Compile Sources */,
				45F0F0782A8831DE005F82DA /* streamwindow.cpp in Compile Sources */,
				45128CF32A88295600D6F2BA /* moc_mainwindow.cpp in Compile Sources */,
				45F0F0A12A883297005F82DA /* moc_mainwindow.cpp in Compile Sources */,
				45F0F0772A8831DE005F82DA /* main.cpp in Compile Sources */,
				45F0F0AB2A883297005F82DA /* moc_settingskeycapturedialog.cpp in Compile Sources */,
				45F0F0A72A883297005F82DA /* moc_servericonwidget.cpp in Compile Sources */,
				45F0F0A52A883297005F82DA /* moc_serveritemwidget.cpp in Compile Sources */,
				45F0F0712A8831DE005F82DA /* settingskeycapturedialog.cpp in Compile Sources */,
				45F0F06A2A8831DE005F82DA /* streamsession.cpp in Compile Sources */,
				45F0F0A42A883297005F82DA /* moc_avopenglwidget.cpp in Compile Sources */,
				45F0F07A2A8831DE005F82DA /* loginpindialog.cpp in Compile Sources */,
				45F0F0AA2A883297005F82DA /* moc_settings.cpp in Compile Sources */,
				45F0F0892A8831DE005F82DA /* servericonwidget.cpp in Compile Sources */,
				45F0F09D2A883297005F82DA /* moc_dynamicgridwidget.cpp in Compile Sources */,
				45F0F0832A8831DE005F82DA /* serveritemwidget.cpp in Compile Sources */,
				45F0F06B2A8831DE005F82DA /* dynamicgridwidget.cpp in Compile Sources */,
				45F0F0672A8831DE005F82DA /* mainwindow.cpp in Compile Sources */,
				45F0F0A22A883297005F82DA /* moc_streamwindow.cpp in Compile Sources */,
				45F0F07E2A8831DE005F82DA /* chiaki_plugin_import.cpp in Compile Sources */,
				45F0F07C2A8831DE005F82DA /* sessionlog.cpp in Compile Sources */,
				45F0F09C2A883297005F82DA /* moc_streamsession.cpp in Compile Sources */,
				45F0F0702A8831DE005F82DA /* registdialog.cpp in Compile Sources */,
			);
			name = "Compile Sources";
			runOnlyForDeploymentPostprocessing = 0;
		};
/* End PBXSourcesBuildPhase section */

/* Begin PBXTargetDependency section */
		DBA3DA477A8FAE620F088A62 /* PBXTargetDependency */ = {
			isa = PBXTargetDependency;
			target = 48FB2061E6B1901023770F5D /* Qt Preprocess */;
			targetProxy = 45128CBB2A88224200D6F2BA /* PBXContainerItemProxy */;
		};
/* End PBXTargetDependency section */

/* Begin XCBuildConfiguration section */
		339EE1B2CC4FC24589A0EA95 /* Release */ = {
			isa = XCBuildConfiguration;
			buildSettings = {
				APPLICATION_EXTENSION_API_ONLY = NO;
				ARCHS = (
					arm64,
					x86_64,
				);
				"ARCHS[sdk=iphoneos*]" = arm64;
				"ARCHS[sdk=iphonesimulator*]" = x86_64;
				CC = /Applications/Xcode.app/Contents/Developer/Toolchains/XcodeDefault.xctoolchain/usr/bin/clang;
				CODE_SIGN_IDENTITY = "iPhone Developer";
				CONFIGURATION_BUILD_DIR = "$(PROJECT_DIR)/$(CONFIGURATION)$(EFFECTIVE_PLATFORM_NAME)";
				COPY_PHASE_STRIP = NO;
				DEVELOPMENT_TEAM = MRR3LKQADX;
				DYLIB_COMPATIBILITY_VERSION = 1.0;
				DYLIB_CURRENT_VERSION = 1.0.0;
				ENABLE_BITCODE = YES;
				FRAMEWORK_SEARCH_PATHS = "";
				GCC_VERSION = com.apple.compilers.llvm.clang.1_0;
				HEADER_SEARCH_PATHS = (
					.,
					../Qt/5.15.2/ios/mkspecs/common/uikit,
					../Qt/5.15.2/ios/include,
					../Qt/5.15.2/ios/include/QtWidgets,
					../Qt/5.15.2/ios/include/QtGui,
					../Qt/5.15.2/ios/include/QtCore,
					.,
					"../Qt/5.15.2/ios/mkspecs/macx-ios-clang",
				);
				INFOPLIST_FILE = Info.plist;
				IPHONEOS_DEPLOYMENT_TARGET = 12.0;
				LDPLUSPLUS = "/Applications/Xcode.app/Contents/Developer/Toolchains/XcodeDefault.xctoolchain/usr/bin/clang++";
				LIBRARY_SEARCH_PATHS = (
					/Users/teun/Qt/5.15.2/ios/plugins/platforms,
					/System/Library/Frameworks/,
					/Users/teun/Qt/5.15.2/ios/lib,
					/Users/teun/Qt/5.15.2/ios/plugins/imageformats,
				);
				OTHER_CFLAGS = (
					"-pipe",
					"-g",
					"-fobjc-nonfragile-abi",
					"-fobjc-legacy-dispatch",
					"-Wall",
					"-Wextra",
					"-fPIC",
					"-DQT_COMPILER_SUPPORTS_SSE2",
					"-DQT_QML_DEBUG",
					"-DQT_WIDGETS_LIB",
					"-DQT_GUI_LIB",
					"-DQT_CORE_LIB",
				);
				OTHER_CPLUSPLUSFLAGS = (
					"-pipe",
					"-stdlib=libc++",
					"-g",
					"-std=gnu++1z",
					"-fobjc-nonfragile-abi",
					"-fobjc-legacy-dispatch",
					"-Wall",
					"-Wextra",
					"-fPIC",
					"-DQT_COMPILER_SUPPORTS_SSE2",
					"-DQT_QML_DEBUG",
					"-DQT_WIDGETS_LIB",
					"-DQT_GUI_LIB",
					"-DQT_CORE_LIB",
				);
				OTHER_LDFLAGS = (
					"-stdlib=libc++",
					"-Wl,-e,_qt_main_wrapper",
					"-Wl,-rpath,@executable_path/Frameworks",
					"-L/Users/teun/Qt/5.15.2/ios/plugins/platforms",
					"-framework",
					AssetsLibrary,
					"-framework",
					MobileCoreServices,
					"-lm",
					"-framework",
					UIKit,
					"-lz",
					"-framework",
					OpenGLES,
				);
				PRODUCT_BUNDLE_IDENTIFIER = "com.teunstrik.${PRODUCT_NAME:rfc1034identifier}";
				PRODUCT_NAME = chiaki;
				QMAKE_FULL_VERSION = 1.0.0;
				"QMAKE_MAC_SDK_PATH[sdk=iphoneos*]" = /Applications/Xcode.app/Contents/Developer/Platforms/iPhoneOS.platform/Developer/SDKs/iPhoneOS16.4.sdk;
				"QMAKE_MAC_SDK_PATH[sdk=iphonesimulator*]" = /Applications/Xcode.app/Contents/Developer/Platforms/iPhoneSimulator.platform/Developer/SDKs/iPhoneSimulator16.4.sdk;
				"QMAKE_MAC_SDK_PLATFORM_PATH[sdk=iphoneos*]" = /Applications/Xcode.app/Contents/Developer/Platforms/iPhoneOS.platform;
				"QMAKE_MAC_SDK_PLATFORM_PATH[sdk=iphonesimulator*]" = /Applications/Xcode.app/Contents/Developer/Platforms/iPhoneSimulator.platform;
				QMAKE_PKGINFO_TYPEINFO = "????";
				QMAKE_SHORT_VERSION = 1.0;
				QT_LIBRARY_SUFFIX = "";
				SDKROOT = iphoneos;
				SYMROOT = .xcode;
				TARGETED_DEVICE_FAMILY = "1,2";
			};
			name = Release;
		};
		3AA6C32AC930069E80220CF1 /* Debug */ = {
			isa = XCBuildConfiguration;
			buildSettings = {
				APPLICATION_EXTENSION_API_ONLY = NO;
				ARCHS = (
					arm64,
					x86_64,
				);
				"ARCHS[sdk=iphoneos*]" = arm64;
				"ARCHS[sdk=iphonesimulator*]" = x86_64;
				CC = /Applications/Xcode.app/Contents/Developer/Toolchains/XcodeDefault.xctoolchain/usr/bin/clang;
				CODE_SIGN_IDENTITY = "iPhone Developer";
				CONFIGURATION_BUILD_DIR = "$(PROJECT_DIR)/$(CONFIGURATION)$(EFFECTIVE_PLATFORM_NAME)";
				COPY_PHASE_STRIP = NO;
				DEBUG_INFORMATION_FORMAT = dwarf;
				DEVELOPMENT_TEAM = MRR3LKQADX;
				DYLIB_COMPATIBILITY_VERSION = 1.0;
				DYLIB_CURRENT_VERSION = 1.0.0;
				ENABLE_BITCODE = YES;
				FRAMEWORK_SEARCH_PATHS = "";
				GCC_OPTIMIZATION_LEVEL = 0;
				GCC_VERSION = com.apple.compilers.llvm.clang.1_0;
				HEADER_SEARCH_PATHS = (
					.,
					../Qt/5.15.2/ios/mkspecs/common/uikit,
					../Qt/5.15.2/ios/include,
					../Qt/5.15.2/ios/include/QtWidgets,
					../Qt/5.15.2/ios/include/QtGui,
					../Qt/5.15.2/ios/include/QtCore,
					.,
					"../Qt/5.15.2/ios/mkspecs/macx-ios-clang",
				);
				INFOPLIST_FILE = Info.plist;
				IPHONEOS_DEPLOYMENT_TARGET = 12.0;
				LDPLUSPLUS = "/Applications/Xcode.app/Contents/Developer/Toolchains/XcodeDefault.xctoolchain/usr/bin/clang++";
				LIBRARY_SEARCH_PATHS = (
					/Users/teun/Qt/5.15.2/ios/plugins/platforms,
					/System/Library/Frameworks/,
					/Users/teun/Qt/5.15.2/ios/lib,
					/Users/teun/Qt/5.15.2/ios/plugins/imageformats,
				);
				ONLY_ACTIVE_ARCH = YES;
				OTHER_CFLAGS = (
					"-pipe",
					"-g",
					"-fobjc-nonfragile-abi",
					"-fobjc-legacy-dispatch",
					"-Wall",
					"-Wextra",
					"-fPIC",
					"-DQT_COMPILER_SUPPORTS_SSE2",
					"-DQT_QML_DEBUG",
					"-DQT_WIDGETS_LIB",
					"-DQT_GUI_LIB",
					"-DQT_CORE_LIB",
				);
				OTHER_CPLUSPLUSFLAGS = (
					"-pipe",
					"-stdlib=libc++",
					"-g",
					"-std=gnu++1z",
					"-fobjc-nonfragile-abi",
					"-fobjc-legacy-dispatch",
					"-Wall",
					"-Wextra",
					"-fPIC",
					"-DQT_COMPILER_SUPPORTS_SSE2",
					"-DQT_QML_DEBUG",
					"-DQT_WIDGETS_LIB",
					"-DQT_GUI_LIB",
					"-DQT_CORE_LIB",
				);
				OTHER_LDFLAGS = (
					"-stdlib=libc++",
					"-Wl,-e,_qt_main_wrapper",
					"-Wl,-rpath,@executable_path/Frameworks",
					"-L/Users/teun/Qt/5.15.2/ios/plugins/platforms",
					"-framework",
					AssetsLibrary,
					"-framework",
					MobileCoreServices,
					"-lm",
					"-framework",
					UIKit,
					"-lz",
					"-framework",
					OpenGLES,
				);
				PRODUCT_BUNDLE_IDENTIFIER = "com.teunstrik.${PRODUCT_NAME:rfc1034identifier}";
				PRODUCT_NAME = chiaki;
				QMAKE_FULL_VERSION = 1.0.0;
				"QMAKE_MAC_SDK_PATH[sdk=iphoneos*]" = /Applications/Xcode.app/Contents/Developer/Platforms/iPhoneOS.platform/Developer/SDKs/iPhoneOS16.4.sdk;
				"QMAKE_MAC_SDK_PATH[sdk=iphonesimulator*]" = /Applications/Xcode.app/Contents/Developer/Platforms/iPhoneSimulator.platform/Developer/SDKs/iPhoneSimulator16.4.sdk;
				"QMAKE_MAC_SDK_PLATFORM_PATH[sdk=iphoneos*]" = /Applications/Xcode.app/Contents/Developer/Platforms/iPhoneOS.platform;
				"QMAKE_MAC_SDK_PLATFORM_PATH[sdk=iphonesimulator*]" = /Applications/Xcode.app/Contents/Developer/Platforms/iPhoneSimulator.platform;
				QMAKE_PKGINFO_TYPEINFO = "????";
				QMAKE_SHORT_VERSION = 1.0;
				QT_LIBRARY_SUFFIX = _debug;
				SDKROOT = iphoneos;
				SYMROOT = .xcode;
				TARGETED_DEVICE_FAMILY = "1,2";
			};
			name = Debug;
		};
		6666AA5E688052234F6758D8 /* Release */ = {
			isa = XCBuildConfiguration;
			buildSettings = {
				APPLICATION_EXTENSION_API_ONLY = NO;
				"ARCHS[sdk=iphoneos*]" = arm64;
				"ARCHS[sdk=iphonesimulator*]" = x86_64;
				ASSETCATALOG_COMPILER_APPICON_NAME = AppIcon;
				ASSETCATALOG_COMPILER_INCLUDE_ALL_APPICON_ASSETS = YES;
				COPY_PHASE_STRIP = NO;
				DEVELOPMENT_TEAM = MRR3LKQADX;
				ENABLE_BITCODE = NO;
				HEADER_SEARCH_PATHS = (
					.,
					../Qt/5.15.2/ios/mkspecs/common/uikit,
					../Qt/5.15.2/ios/include,
					../Qt/5.15.2/ios/include/QtWidgets,
					../Qt/5.15.2/ios/include/QtGui,
					../Qt/5.15.2/ios/include/QtCore,
					"../Qt/5.15.2/ios/mkspecs/macx-ios-clang",
					../Qt/5.15.2/ios/include/QtMultimedia,
					../Qt/5.15.2/ios/include/QtConcurrent,
					../Qt/5.15.2/ios/include/QtSvg,
					.,
					../chiaki/lib/include,
					"../FFmpeg-iOS-build-script/FFmpeg-iOS/include",
					/opt/homebrew/Cellar/sdl2/2.28.2/include/SDL2,
				);
				INFOPLIST_KEY_CFBundleDisplayName = Chiaki;
				IPHONEOS_DEPLOYMENT_TARGET = 16.4;
				LIBRARY_SEARCH_PATHS = (
					"$(inherited)",
					"$(PROJECT_DIR)/lib",
				);
				OTHER_CPLUSPLUSFLAGS = (
					"-pipe",
					"-stdlib=libc++",
					"-g",
					"-std=gnu++1z",
					"-fobjc-nonfragile-abi",
					"-fobjc-legacy-dispatch",
					"-Wall",
					"-Wextra",
					"-fPIC",
					"-DQT_COMPILER_SUPPORTS_SSE2",
					"-DQT_QML_DEBUG",
					"-DQT_WIDGETS_LIB",
					"-DQT_GUI_LIB",
					"-DQT_CORE_LIB",
					"-DCHIAKI_GUI_ENABLE_SDL_GAMECONTROLLER=1",
					"-DCHIAKI_VERSION=\\\"2.1.1\\\"",
				);
				OTHER_LDFLAGS = (
					"-stdlib=libc++",
					"-Wl,-e,_qt_main_wrapper",
					"-Wl,-rpath,@executable_path/Frameworks",
					"-L/Users/teun/Qt/5.15.2/ios/plugins/platforms",
					"-framework",
					AssetsLibrary,
					"-framework",
					MobileCoreServices,
					"-lm",
					"-framework",
					UIKit,
					"-lz",
					"-framework",
					OpenGLES,
				);
				PRODUCT_BUNDLE_IDENTIFIER = "com.teunstrik.${PRODUCT_NAME:rfc1034identifier}";
				"PRODUCT_BUNDLE_IDENTIFIER[sdk=iphoneos*]" = com.teun.chiaki;
				PRODUCT_NAME = Chiaki;
				QMAKE_FULL_VERSION = 1.0.0;
				"QMAKE_MAC_SDK_PATH[sdk=iphoneos*]" = /Applications/Xcode.app/Contents/Developer/Platforms/iPhoneOS.platform/Developer/SDKs/iPhoneOS16.4.sdk;
				"QMAKE_MAC_SDK_PATH[sdk=iphonesimulator*]" = /Applications/Xcode.app/Contents/Developer/Platforms/iPhoneSimulator.platform/Developer/SDKs/iPhoneSimulator16.4.sdk;
				"QMAKE_MAC_SDK_PLATFORM_PATH[sdk=iphoneos*]" = /Applications/Xcode.app/Contents/Developer/Platforms/iPhoneOS.platform;
				"QMAKE_MAC_SDK_PLATFORM_PATH[sdk=iphonesimulator*]" = /Applications/Xcode.app/Contents/Developer/Platforms/iPhoneSimulator.platform;
				QMAKE_PKGINFO_TYPEINFO = "????";
				QMAKE_SHORT_VERSION = 1.0;
				QT_LIBRARY_SUFFIX = "";
				SDKROOT = iphoneos;
				TARGETED_DEVICE_FAMILY = "1,2";
			};
			name = Release;
		};
		77418F46922677BB04ED38DD /* Debug */ = {
			isa = XCBuildConfiguration;
			buildSettings = {
				APPLICATION_EXTENSION_API_ONLY = NO;
				"ARCHS[sdk=iphoneos*]" = arm64;
				"ARCHS[sdk=iphonesimulator*]" = x86_64;
				ASSETCATALOG_COMPILER_APPICON_NAME = AppIcon;
				ASSETCATALOG_COMPILER_INCLUDE_ALL_APPICON_ASSETS = YES;
				COPY_PHASE_STRIP = NO;
				DEBUG_INFORMATION_FORMAT = dwarf;
				DEVELOPMENT_TEAM = MRR3LKQADX;
				ENABLE_BITCODE = NO;
				GCC_OPTIMIZATION_LEVEL = 0;
				HEADER_SEARCH_PATHS = (
					.,
					../Qt/5.15.2/ios/mkspecs/common/uikit,
					../Qt/5.15.2/ios/include,
					../Qt/5.15.2/ios/include/QtWidgets,
					../Qt/5.15.2/ios/include/QtGui,
					../Qt/5.15.2/ios/include/QtCore,
					"../Qt/5.15.2/ios/mkspecs/macx-ios-clang",
					../Qt/5.15.2/ios/include/QtMultimedia,
					../Qt/5.15.2/ios/include/QtConcurrent,
					../Qt/5.15.2/ios/include/QtSvg,
					.,
					../chiaki/lib/include,
					"../FFmpeg-iOS-build-script/FFmpeg-iOS/include",
					/opt/homebrew/Cellar/sdl2/2.28.2/include/SDL2,
				);
				INFOPLIST_KEY_CFBundleDisplayName = Chiaki;
				IPHONEOS_DEPLOYMENT_TARGET = 16.4;
				LIBRARY_SEARCH_PATHS = (
					"$(inherited)",
					"$(PROJECT_DIR)/lib",
				);
				ONLY_ACTIVE_ARCH = YES;
				OTHER_CPLUSPLUSFLAGS = (
					"-pipe",
					"-stdlib=libc++",
					"-g",
					"-std=gnu++1z",
					"-fobjc-nonfragile-abi",
					"-fobjc-legacy-dispatch",
					"-Wall",
					"-Wextra",
					"-fPIC",
					"-DQT_COMPILER_SUPPORTS_SSE2",
					"-DQT_QML_DEBUG",
					"-DQT_WIDGETS_LIB",
					"-DQT_GUI_LIB",
					"-DQT_CORE_LIB",
					"-DCHIAKI_GUI_ENABLE_SDL_GAMECONTROLLER=1",
					"-DCHIAKI_VERSION=\\\"2.1.1\\\"",
				);
				OTHER_LDFLAGS = (
					"-stdlib=libc++",
					"-Wl,-e,_qt_main_wrapper",
					"-Wl,-rpath,@executable_path/Frameworks",
					"-L/Users/teun/Qt/5.15.2/ios/plugins/platforms",
					"-framework",
					AssetsLibrary,
					"-framework",
					MobileCoreServices,
					"-lm",
					"-framework",
					UIKit,
					"-lz",
					"-framework",
					OpenGLES,
				);
				PRODUCT_BUNDLE_IDENTIFIER = "com.teunstrik.${PRODUCT_NAME:rfc1034identifier}";
				"PRODUCT_BUNDLE_IDENTIFIER[sdk=iphoneos*]" = com.teun.chiaki;
				PRODUCT_NAME = Chiaki;
				QMAKE_FULL_VERSION = 1.0.0;
				"QMAKE_MAC_SDK_PATH[sdk=iphoneos*]" = /Applications/Xcode.app/Contents/Developer/Platforms/iPhoneOS.platform/Developer/SDKs/iPhoneOS16.4.sdk;
				"QMAKE_MAC_SDK_PATH[sdk=iphonesimulator*]" = /Applications/Xcode.app/Contents/Developer/Platforms/iPhoneSimulator.platform/Developer/SDKs/iPhoneSimulator16.4.sdk;
				"QMAKE_MAC_SDK_PLATFORM_PATH[sdk=iphoneos*]" = /Applications/Xcode.app/Contents/Developer/Platforms/iPhoneOS.platform;
				"QMAKE_MAC_SDK_PLATFORM_PATH[sdk=iphonesimulator*]" = /Applications/Xcode.app/Contents/Developer/Platforms/iPhoneSimulator.platform;
				QMAKE_PKGINFO_TYPEINFO = "????";
				QMAKE_SHORT_VERSION = 1.0;
				QT_LIBRARY_SUFFIX = _debug;
				SDKROOT = iphoneos;
				TARGETED_DEVICE_FAMILY = "1,2";
			};
			name = Debug;
		};
/* End XCBuildConfiguration section */

/* Begin XCConfigurationList section */
		6CC3B5D2136C7CD6A5CF5A59 /* Build configuration list for PBXNativeTarget "chiaki" */ = {
			isa = XCConfigurationList;
			buildConfigurations = (
				77418F46922677BB04ED38DD /* Debug */,
				6666AA5E688052234F6758D8 /* Release */,
			);
			defaultConfigurationIsVisible = 0;
			defaultConfigurationName = Debug;
		};
		DAC4C1AA5EDEA1C85E9CA5E6 /* Build configuration list for PBXProject "Chiaki iOS" */ = {
			isa = XCConfigurationList;
			buildConfigurations = (
				3AA6C32AC930069E80220CF1 /* Debug */,
				339EE1B2CC4FC24589A0EA95 /* Release */,
			);
			defaultConfigurationIsVisible = 0;
			defaultConfigurationName = Debug;
		};
/* End XCConfigurationList section */
	};
	rootObject = 6DB9C3763D02B1415CD9D565 /* Project object */;
}
